
Microsoft Visual Studio Solution File, Format Version 12.00
# Visual Studio 2013
VisualStudioVersion = 12.0.31101.0
MinimumVisualStudioVersion = 10.0.40219.1
Project("{2150E333-8FDC-42A3-9474-1A3956D46DE8}") = "Solution Items", "Solution Items", "{DEF8CEB8-51B6-4D65-8F5B-35C5931E30E7}"
	ProjectSection(SolutionItems) = preProject
		devnotes.txt = devnotes.txt
	EndProjectSection
EndProject
Project("{FAE04EC0-301F-11D3-BF4B-00C04F79EFBC}") = "Core", "Core\Core.csproj", "{5C315C78-1F97-4B16-81AA-917284969DFE}"
EndProject
Project("{FAE04EC0-301F-11D3-BF4B-00C04F79EFBC}") = "Decompiler", "Decompiler\Decompiler.csproj", "{5E21C722-F9C6-4192-95EC-89FCEF2ACDB7}"
	ProjectSection(ProjectDependencies) = postProject
		{C4EF0F8B-B8BC-4BBD-91E6-F11D2335F901} = {C4EF0F8B-B8BC-4BBD-91E6-F11D2335F901}
	EndProjectSection
EndProject
Project("{2150E333-8FDC-42A3-9474-1A3956D46DE8}") = "Architectures", "Architectures", "{18994109-C4D5-49F9-86E0-3B5B1046C08E}"
EndProject
Project("{FAE04EC0-301F-11D3-BF4B-00C04F79EFBC}") = "PowerPC", "Arch\PowerPC\PowerPC.csproj", "{B7DC39DD-6693-4F71-AE7F-007C5C62CBAA}"
EndProject
Project("{FAE04EC0-301F-11D3-BF4B-00C04F79EFBC}") = "M68k", "Arch\M68k\M68k.csproj", "{38A94634-B2B2-4A89-AF02-2A2898B93343}"
EndProject
Project("{FAE04EC0-301F-11D3-BF4B-00C04F79EFBC}") = "Arm", "Arch\Arm\Arm.csproj", "{32F09304-51BE-4797-A86A-C0BEFED2422B}"
EndProject
Project("{FAE04EC0-301F-11D3-BF4B-00C04F79EFBC}") = "Sparc", "Arch\Sparc\Sparc.csproj", "{454D9734-EDF3-4646-8C7F-8449C68EB826}"
EndProject
Project("{FAE04EC0-301F-11D3-BF4B-00C04F79EFBC}") = "X86", "Arch\X86\X86.csproj", "{0942ACB2-EBA0-4E2B-B363-205DF72A77B2}"
EndProject
Project("{FAE04EC0-301F-11D3-BF4B-00C04F79EFBC}") = "Z80", "Arch\Z80\Z80.csproj", "{66A00AB2-6964-4815-9140-F28FEE48E6D6}"
EndProject
Project("{FAE04EC0-301F-11D3-BF4B-00C04F79EFBC}") = "Mos6502", "Arch\Mos6502\Mos6502.csproj", "{DC11ED7F-97F6-4488-86B4-EEC67DD1F511}"
EndProject
Project("{FAE04EC0-301F-11D3-BF4B-00C04F79EFBC}") = "Pdp11", "Arch\Pdp11\Pdp11.csproj", "{CD10A2C6-246C-4CBB-8E92-86579714795A}"
EndProject
Project("{FAE04EC0-301F-11D3-BF4B-00C04F79EFBC}") = "Mips", "Arch\Mips\Mips.csproj", "{4DEC7ADA-E512-43C5-8312-CA076818C2A9}"
EndProject
Project("{FAE04EC0-301F-11D3-BF4B-00C04F79EFBC}") = "Cil", "Arch\Cil\Cil.csproj", "{F6F2225D-B778-4FD2-9BA9-A8E2B58ACCCC}"
EndProject
Project("{2150E333-8FDC-42A3-9474-1A3956D46DE8}") = "Environments", "Environments", "{E6A2E818-3AB9-47FC-9266-4E72ECBB13F4}"
EndProject
Project("{FAE04EC0-301F-11D3-BF4B-00C04F79EFBC}") = "Win32", "Environments\Win32\Win32.csproj", "{4A298321-9855-43DE-AA9C-79E4EFA0AE56}"
EndProject
Project("{FAE04EC0-301F-11D3-BF4B-00C04F79EFBC}") = "MacOS", "Environments\MacOS\MacOS.csproj", "{D0D1798C-08F7-4DE6-94E9-CC382E1FBEC8}"
EndProject
Project("{FAE04EC0-301F-11D3-BF4B-00C04F79EFBC}") = "AmigaOS", "Environments\AmigaOS\AmigaOS.csproj", "{0B2DCD75-44FF-4AF6-AA08-AAF4EA30C402}"
EndProject
Project("{FAE04EC0-301F-11D3-BF4B-00C04F79EFBC}") = "ZX81", "Environments\ZX81\ZX81.csproj", "{2B4E0F2E-B458-4BC2-96AC-6A4D9324F974}"
EndProject
Project("{FAE04EC0-301F-11D3-BF4B-00C04F79EFBC}") = "Msdos", "Environments\Msdos\Msdos.csproj", "{A943CF9B-7FCD-413A-B6D9-A199A69AF217}"
EndProject
Project("{FAE04EC0-301F-11D3-BF4B-00C04F79EFBC}") = "C64", "Environments\C64\C64.csproj", "{FDFE3507-E8CE-4930-B9B5-8FB647CFC6DC}"
EndProject
Project("{2150E333-8FDC-42A3-9474-1A3956D46DE8}") = "Tools", "Tools", "{AD6CD1E3-2C31-4E78-9432-4BAC77BC63D5}"
EndProject
Project("{FAE04EC0-301F-11D3-BF4B-00C04F79EFBC}") = "C2Xml", "tools\c2xml\C2Xml.csproj", "{500C7C4B-5B7A-40E0-BEED-75DDF1BA78D5}"
EndProject
Project("{FAE04EC0-301F-11D3-BF4B-00C04F79EFBC}") = "xslt", "tools\xslt\xslt.csproj", "{C4EF0F8B-B8BC-4BBD-91E6-F11D2335F901}"
EndProject
Project("{2150E333-8FDC-42A3-9474-1A3956D46DE8}") = "Loaders", "Loaders", "{E34BB92E-9C1E-41E8-8333-8BB69831BB63}"
EndProject
Project("{FAE04EC0-301F-11D3-BF4B-00C04F79EFBC}") = "BinHex", "ImageLoaders\BinHex\BinHex.csproj", "{3F73B4EB-4EE6-45DF-AA07-06ECDEFA5BD9}"
EndProject
Project("{FAE04EC0-301F-11D3-BF4B-00C04F79EFBC}") = "Elf", "ImageLoaders\Elf\Elf.csproj", "{33DCEC6D-66F2-4AB7-9DD9-293DBB5414B1}"
EndProject
Project("{FAE04EC0-301F-11D3-BF4B-00C04F79EFBC}") = "Coff", "ImageLoaders\Coff\Coff.csproj", "{02595A47-2592-441D-B44D-8EA8C19EE5E2}"
EndProject
Project("{FAE04EC0-301F-11D3-BF4B-00C04F79EFBC}") = "MachO", "ImageLoaders\MachO\MachO.csproj", "{DB44D301-72EA-4F9B-8327-BE8EBC5B1BC8}"
EndProject
Project("{FAE04EC0-301F-11D3-BF4B-00C04F79EFBC}") = "Hunk", "ImageLoaders\Hunk\Hunk.csproj", "{F1B0C3C9-1C64-4744-9217-C25FBC5D0DCC}"
EndProject
Project("{FAE04EC0-301F-11D3-BF4B-00C04F79EFBC}") = "MzExe", "ImageLoaders\MzExe\MzExe.csproj", "{0A1B3397-06E3-4C23-A667-FCCC19DC7D12}"
EndProject
Project("{2150E333-8FDC-42A3-9474-1A3956D46DE8}") = "Assemblers", "Assemblers", "{4663BBB9-AF99-4C57-A355-5D7814284BB1}"
EndProject
Project("{FAE04EC0-301F-11D3-BF4B-00C04F79EFBC}") = "M68kAssembler-2010", "Assemblers\M68k\M68kAssembler-2010.csproj", "{FD6AD906-BED1-4AC1-A7C5-0A04CCA2D7DC}"
EndProject
Project("{FAE04EC0-301F-11D3-BF4B-00C04F79EFBC}") = "X86Assembler", "Assemblers\x86\X86Assembler.csproj", "{3805DE2C-659A-442D-8C34-E88822A4D27C}"
EndProject
Project("{2150E333-8FDC-42A3-9474-1A3956D46DE8}") = "Tests", "Tests", "{3F38B136-C309-4B62-8496-931723F16706}"
EndProject
Project("{FAE04EC0-301F-11D3-BF4B-00C04F79EFBC}") = "WindowsItp", "WindowsItp\WindowsItp.csproj", "{197A1FBD-B56C-4CB4-93DE-B908D63E52BA}"
EndProject
Project("{8BC9CEB8-8B4A-11D0-8D11-00A0C91BC942}") = "Samples", "Samples\Samples.vcxproj", "{18501CAB-5F95-49E5-B92C-BF52A5D08609}"
EndProject
Project("{FAE04EC0-301F-11D3-BF4B-00C04F79EFBC}") = "UiPrototype", "UiPrototype\UiPrototype.csproj", "{D4EA1BCE-B797-4249-BCE0-77B7CA6FC776}"
EndProject
Project("{FAE04EC0-301F-11D3-BF4B-00C04F79EFBC}") = "UnitTests", "UnitTests\UnitTests.csproj", "{6528DBD9-8129-48D8-AA21-C169F1679646}"
EndProject
Project("{2150E333-8FDC-42A3-9474-1A3956D46DE8}") = "Installers", "Installers", "{2426E4D6-D2C7-4F06-B54C-5CFEA0804F02}"
EndProject
Project("{930C7802-8A8C-48F9-8165-68863BCCD9DD}") = "WixInstaller-2012", "WixInstaller\WixInstaller-2012.wixproj", "{00575BB6-C683-4A83-89D6-EE445EF463A3}"
EndProject
Project("{930C7802-8A8C-48F9-8165-68863BCCD9DD}") = "WixInstaller", "WixInstaller\WixInstaller.wixproj", "{B1916638-EF20-4692-8C95-1C5AD6C67D30}"
EndProject
Project("{FAE04EC0-301F-11D3-BF4B-00C04F79EFBC}") = "Pdp11Assembler", "Assemblers\Pdp11\Pdp11Assembler.csproj", "{3BB6B0FB-6686-428B-9DC9-A32F349E50E6}"
EndProject
Project("{FAE04EC0-301F-11D3-BF4B-00C04F79EFBC}") = "RiscOS", "Environments\RiscOS\RiscOS.csproj", "{1976B356-7C5E-411A-A409-D3EB349E44FA}"
EndProject
Project("{FAE04EC0-301F-11D3-BF4B-00C04F79EFBC}") = "makesigs", "tools\makesigs\makesigs.csproj", "{8D0F740F-A1DD-4BCF-9471-DD40BB74B25A}"
EndProject
Project("{FAE04EC0-301F-11D3-BF4B-00C04F79EFBC}") = "OdbgScript", "ImageLoaders\OdbgScript\OdbgScript.csproj", "{2882376F-663A-4FC8-842C-B0300A6829E8}"
EndProject
Project("{FAE04EC0-301F-11D3-BF4B-00C04F79EFBC}") = "TypeLib", "ImageLoaders\TypeLib\TypeLib.csproj", "{A4DEF935-217C-4107-998C-C7845893CFA0}"
EndProject
Project("{FAE04EC0-301F-11D3-BF4B-00C04F79EFBC}") = "Ps3", "Environments\Ps3\Ps3.csproj", "{1A60F017-4E4C-48F8-BB97-47D52186C7FD}"
EndProject
Project("{FAE04EC0-301F-11D3-BF4B-00C04F79EFBC}") = "WindowsDecompiler", "Drivers\WindowsDecompiler\WindowsDecompiler.csproj", "{1C5DAC93-1202-4704-ABD5-3E49ADCF0E81}"
	ProjectSection(ProjectDependencies) = postProject
		{DB44D301-72EA-4F9B-8327-BE8EBC5B1BC8} = {DB44D301-72EA-4F9B-8327-BE8EBC5B1BC8}
		{32F09304-51BE-4797-A86A-C0BEFED2422B} = {32F09304-51BE-4797-A86A-C0BEFED2422B}
		{FDFE3507-E8CE-4930-B9B5-8FB647CFC6DC} = {FDFE3507-E8CE-4930-B9B5-8FB647CFC6DC}
		{1A60F017-4E4C-48F8-BB97-47D52186C7FD} = {1A60F017-4E4C-48F8-BB97-47D52186C7FD}
		{4A298321-9855-43DE-AA9C-79E4EFA0AE56} = {4A298321-9855-43DE-AA9C-79E4EFA0AE56}
		{2B4E0F2E-B458-4BC2-96AC-6A4D9324F974} = {2B4E0F2E-B458-4BC2-96AC-6A4D9324F974}
		{38A94634-B2B2-4A89-AF02-2A2898B93343} = {38A94634-B2B2-4A89-AF02-2A2898B93343}
		{454D9734-EDF3-4646-8C7F-8449C68EB826} = {454D9734-EDF3-4646-8C7F-8449C68EB826}
		{02595A47-2592-441D-B44D-8EA8C19EE5E2} = {02595A47-2592-441D-B44D-8EA8C19EE5E2}
		{1976B356-7C5E-411A-A409-D3EB349E44FA} = {1976B356-7C5E-411A-A409-D3EB349E44FA}
		{F6F2225D-B778-4FD2-9BA9-A8E2B58ACCCC} = {F6F2225D-B778-4FD2-9BA9-A8E2B58ACCCC}
		{5307665E-072F-4398-872D-6550BE6FC1EB} = {5307665E-072F-4398-872D-6550BE6FC1EB}
		{33DCEC6D-66F2-4AB7-9DD9-293DBB5414B1} = {33DCEC6D-66F2-4AB7-9DD9-293DBB5414B1}
		{2882376F-663A-4FC8-842C-B0300A6829E8} = {2882376F-663A-4FC8-842C-B0300A6829E8}
		{0B2DCD75-44FF-4AF6-AA08-AAF4EA30C402} = {0B2DCD75-44FF-4AF6-AA08-AAF4EA30C402}
		{DC11ED7F-97F6-4488-86B4-EEC67DD1F511} = {DC11ED7F-97F6-4488-86B4-EEC67DD1F511}
		{D0D1798C-08F7-4DE6-94E9-CC382E1FBEC8} = {D0D1798C-08F7-4DE6-94E9-CC382E1FBEC8}
		{A943CF9B-7FCD-413A-B6D9-A199A69AF217} = {A943CF9B-7FCD-413A-B6D9-A199A69AF217}
		{66A00AB2-6964-4815-9140-F28FEE48E6D6} = {66A00AB2-6964-4815-9140-F28FEE48E6D6}
		{0942ACB2-EBA0-4E2B-B363-205DF72A77B2} = {0942ACB2-EBA0-4E2B-B363-205DF72A77B2}
		{CD10A2C6-246C-4CBB-8E92-86579714795A} = {CD10A2C6-246C-4CBB-8E92-86579714795A}
		{F1B0C3C9-1C64-4744-9217-C25FBC5D0DCC} = {F1B0C3C9-1C64-4744-9217-C25FBC5D0DCC}
		{4DEC7ADA-E512-43C5-8312-CA076818C2A9} = {4DEC7ADA-E512-43C5-8312-CA076818C2A9}
		{B7DC39DD-6693-4F71-AE7F-007C5C62CBAA} = {B7DC39DD-6693-4F71-AE7F-007C5C62CBAA}
		{3F73B4EB-4EE6-45DF-AA07-06ECDEFA5BD9} = {3F73B4EB-4EE6-45DF-AA07-06ECDEFA5BD9}
	EndProjectSection
EndProject
Project("{FAE04EC0-301F-11D3-BF4B-00C04F79EFBC}") = "MonoDecompiler", "Drivers\MonoDecompiler\MonoDecompiler.csproj", "{3269A135-4077-4BA0-B358-7974CCF09974}"
EndProject
Project("{FAE04EC0-301F-11D3-BF4B-00C04F79EFBC}") = "CmdLine", "Drivers\CmdLine\CmdLine.csproj", "{D439868B-C78F-472F-82F2-1E3E5C88163B}"
EndProject
Project("{FAE04EC0-301F-11D3-BF4B-00C04F79EFBC}") = "SysV", "Environments\SysV\SysV.csproj", "{5307665E-072F-4398-872D-6550BE6FC1EB}"
EndProject
Project("{2150E333-8FDC-42A3-9474-1A3956D46DE8}") = "Drivers", "Drivers", "{583D1273-7630-480B-9020-D16B3A15D15D}"
EndProject
Project("{FAE04EC0-301F-11D3-BF4B-00C04F79EFBC}") = "website", "Drivers\WebSite\website.csproj", "{0D35C524-CA16-4C68-80CD-538897144B47}"
EndProject
Global
	GlobalSection(SolutionConfigurationPlatforms) = preSolution
		Debug|.NET = Debug|.NET
		Debug|Any CPU = Debug|Any CPU
		Debug|Mixed Platforms = Debug|Mixed Platforms
		Debug|Win32 = Debug|Win32
		Debug|x86 = Debug|x86
		Release|.NET = Release|.NET
		Release|Any CPU = Release|Any CPU
		Release|Mixed Platforms = Release|Mixed Platforms
		Release|Win32 = Release|Win32
		Release|x86 = Release|x86
	EndGlobalSection
	GlobalSection(ProjectConfigurationPlatforms) = postSolution
		{5C315C78-1F97-4B16-81AA-917284969DFE}.Debug|.NET.ActiveCfg = Debug|Any CPU
		{5C315C78-1F97-4B16-81AA-917284969DFE}.Debug|Any CPU.ActiveCfg = Debug|Any CPU
		{5C315C78-1F97-4B16-81AA-917284969DFE}.Debug|Any CPU.Build.0 = Debug|Any CPU
		{5C315C78-1F97-4B16-81AA-917284969DFE}.Debug|Mixed Platforms.ActiveCfg = Debug|Any CPU
		{5C315C78-1F97-4B16-81AA-917284969DFE}.Debug|Mixed Platforms.Build.0 = Debug|Any CPU
		{5C315C78-1F97-4B16-81AA-917284969DFE}.Debug|Win32.ActiveCfg = Debug|Any CPU
		{5C315C78-1F97-4B16-81AA-917284969DFE}.Debug|x86.ActiveCfg = Debug|Any CPU
		{5C315C78-1F97-4B16-81AA-917284969DFE}.Release|.NET.ActiveCfg = Release|Any CPU
		{5C315C78-1F97-4B16-81AA-917284969DFE}.Release|Any CPU.ActiveCfg = Release|Any CPU
		{5C315C78-1F97-4B16-81AA-917284969DFE}.Release|Any CPU.Build.0 = Release|Any CPU
		{5C315C78-1F97-4B16-81AA-917284969DFE}.Release|Mixed Platforms.ActiveCfg = Release|Any CPU
		{5C315C78-1F97-4B16-81AA-917284969DFE}.Release|Mixed Platforms.Build.0 = Release|Any CPU
		{5C315C78-1F97-4B16-81AA-917284969DFE}.Release|Win32.ActiveCfg = Release|Any CPU
		{5C315C78-1F97-4B16-81AA-917284969DFE}.Release|x86.ActiveCfg = Release|Any CPU
		{5E21C722-F9C6-4192-95EC-89FCEF2ACDB7}.Debug|.NET.ActiveCfg = Debug|Any CPU
		{5E21C722-F9C6-4192-95EC-89FCEF2ACDB7}.Debug|Any CPU.ActiveCfg = Debug|Any CPU
		{5E21C722-F9C6-4192-95EC-89FCEF2ACDB7}.Debug|Any CPU.Build.0 = Debug|Any CPU
		{5E21C722-F9C6-4192-95EC-89FCEF2ACDB7}.Debug|Mixed Platforms.ActiveCfg = Debug|Any CPU
		{5E21C722-F9C6-4192-95EC-89FCEF2ACDB7}.Debug|Mixed Platforms.Build.0 = Debug|Any CPU
		{5E21C722-F9C6-4192-95EC-89FCEF2ACDB7}.Debug|Win32.ActiveCfg = Debug|Any CPU
		{5E21C722-F9C6-4192-95EC-89FCEF2ACDB7}.Debug|x86.ActiveCfg = Debug|Any CPU
		{5E21C722-F9C6-4192-95EC-89FCEF2ACDB7}.Release|.NET.ActiveCfg = Release|Any CPU
		{5E21C722-F9C6-4192-95EC-89FCEF2ACDB7}.Release|Any CPU.ActiveCfg = Release|Any CPU
		{5E21C722-F9C6-4192-95EC-89FCEF2ACDB7}.Release|Any CPU.Build.0 = Release|Any CPU
		{5E21C722-F9C6-4192-95EC-89FCEF2ACDB7}.Release|Mixed Platforms.ActiveCfg = Release|Any CPU
		{5E21C722-F9C6-4192-95EC-89FCEF2ACDB7}.Release|Mixed Platforms.Build.0 = Release|Any CPU
		{5E21C722-F9C6-4192-95EC-89FCEF2ACDB7}.Release|Win32.ActiveCfg = Release|Any CPU
		{5E21C722-F9C6-4192-95EC-89FCEF2ACDB7}.Release|x86.ActiveCfg = Release|Any CPU
		{B7DC39DD-6693-4F71-AE7F-007C5C62CBAA}.Debug|.NET.ActiveCfg = Debug|Any CPU
		{B7DC39DD-6693-4F71-AE7F-007C5C62CBAA}.Debug|Any CPU.ActiveCfg = Debug|Any CPU
		{B7DC39DD-6693-4F71-AE7F-007C5C62CBAA}.Debug|Any CPU.Build.0 = Debug|Any CPU
		{B7DC39DD-6693-4F71-AE7F-007C5C62CBAA}.Debug|Mixed Platforms.ActiveCfg = Debug|Any CPU
		{B7DC39DD-6693-4F71-AE7F-007C5C62CBAA}.Debug|Mixed Platforms.Build.0 = Debug|Any CPU
		{B7DC39DD-6693-4F71-AE7F-007C5C62CBAA}.Debug|Win32.ActiveCfg = Debug|Any CPU
		{B7DC39DD-6693-4F71-AE7F-007C5C62CBAA}.Debug|x86.ActiveCfg = Debug|Any CPU
		{B7DC39DD-6693-4F71-AE7F-007C5C62CBAA}.Release|.NET.ActiveCfg = Release|Any CPU
		{B7DC39DD-6693-4F71-AE7F-007C5C62CBAA}.Release|Any CPU.ActiveCfg = Release|Any CPU
		{B7DC39DD-6693-4F71-AE7F-007C5C62CBAA}.Release|Any CPU.Build.0 = Release|Any CPU
		{B7DC39DD-6693-4F71-AE7F-007C5C62CBAA}.Release|Mixed Platforms.ActiveCfg = Release|Any CPU
		{B7DC39DD-6693-4F71-AE7F-007C5C62CBAA}.Release|Mixed Platforms.Build.0 = Release|Any CPU
		{B7DC39DD-6693-4F71-AE7F-007C5C62CBAA}.Release|Win32.ActiveCfg = Release|Any CPU
		{B7DC39DD-6693-4F71-AE7F-007C5C62CBAA}.Release|x86.ActiveCfg = Release|Any CPU
		{38A94634-B2B2-4A89-AF02-2A2898B93343}.Debug|.NET.ActiveCfg = Debug|Any CPU
		{38A94634-B2B2-4A89-AF02-2A2898B93343}.Debug|Any CPU.ActiveCfg = Debug|Any CPU
		{38A94634-B2B2-4A89-AF02-2A2898B93343}.Debug|Any CPU.Build.0 = Debug|Any CPU
		{38A94634-B2B2-4A89-AF02-2A2898B93343}.Debug|Mixed Platforms.ActiveCfg = Debug|Any CPU
		{38A94634-B2B2-4A89-AF02-2A2898B93343}.Debug|Mixed Platforms.Build.0 = Debug|Any CPU
		{38A94634-B2B2-4A89-AF02-2A2898B93343}.Debug|Win32.ActiveCfg = Debug|Any CPU
		{38A94634-B2B2-4A89-AF02-2A2898B93343}.Debug|x86.ActiveCfg = Debug|Any CPU
		{38A94634-B2B2-4A89-AF02-2A2898B93343}.Release|.NET.ActiveCfg = Release|Any CPU
		{38A94634-B2B2-4A89-AF02-2A2898B93343}.Release|Any CPU.ActiveCfg = Release|Any CPU
		{38A94634-B2B2-4A89-AF02-2A2898B93343}.Release|Any CPU.Build.0 = Release|Any CPU
		{38A94634-B2B2-4A89-AF02-2A2898B93343}.Release|Mixed Platforms.ActiveCfg = Release|Any CPU
		{38A94634-B2B2-4A89-AF02-2A2898B93343}.Release|Mixed Platforms.Build.0 = Release|Any CPU
		{38A94634-B2B2-4A89-AF02-2A2898B93343}.Release|Win32.ActiveCfg = Release|Any CPU
		{38A94634-B2B2-4A89-AF02-2A2898B93343}.Release|x86.ActiveCfg = Release|Any CPU
		{32F09304-51BE-4797-A86A-C0BEFED2422B}.Debug|.NET.ActiveCfg = Debug|Any CPU
		{32F09304-51BE-4797-A86A-C0BEFED2422B}.Debug|Any CPU.ActiveCfg = Debug|Any CPU
		{32F09304-51BE-4797-A86A-C0BEFED2422B}.Debug|Any CPU.Build.0 = Debug|Any CPU
		{32F09304-51BE-4797-A86A-C0BEFED2422B}.Debug|Mixed Platforms.ActiveCfg = Debug|Any CPU
		{32F09304-51BE-4797-A86A-C0BEFED2422B}.Debug|Mixed Platforms.Build.0 = Debug|Any CPU
		{32F09304-51BE-4797-A86A-C0BEFED2422B}.Debug|Win32.ActiveCfg = Debug|Any CPU
		{32F09304-51BE-4797-A86A-C0BEFED2422B}.Debug|x86.ActiveCfg = Debug|Any CPU
		{32F09304-51BE-4797-A86A-C0BEFED2422B}.Release|.NET.ActiveCfg = Release|Any CPU
		{32F09304-51BE-4797-A86A-C0BEFED2422B}.Release|Any CPU.ActiveCfg = Release|Any CPU
		{32F09304-51BE-4797-A86A-C0BEFED2422B}.Release|Any CPU.Build.0 = Release|Any CPU
		{32F09304-51BE-4797-A86A-C0BEFED2422B}.Release|Mixed Platforms.ActiveCfg = Release|Any CPU
		{32F09304-51BE-4797-A86A-C0BEFED2422B}.Release|Mixed Platforms.Build.0 = Release|Any CPU
		{32F09304-51BE-4797-A86A-C0BEFED2422B}.Release|Win32.ActiveCfg = Release|Any CPU
		{32F09304-51BE-4797-A86A-C0BEFED2422B}.Release|x86.ActiveCfg = Release|Any CPU
		{454D9734-EDF3-4646-8C7F-8449C68EB826}.Debug|.NET.ActiveCfg = Debug|Any CPU
		{454D9734-EDF3-4646-8C7F-8449C68EB826}.Debug|Any CPU.ActiveCfg = Debug|Any CPU
		{454D9734-EDF3-4646-8C7F-8449C68EB826}.Debug|Any CPU.Build.0 = Debug|Any CPU
		{454D9734-EDF3-4646-8C7F-8449C68EB826}.Debug|Mixed Platforms.ActiveCfg = Debug|Any CPU
		{454D9734-EDF3-4646-8C7F-8449C68EB826}.Debug|Mixed Platforms.Build.0 = Debug|Any CPU
		{454D9734-EDF3-4646-8C7F-8449C68EB826}.Debug|Win32.ActiveCfg = Debug|Any CPU
		{454D9734-EDF3-4646-8C7F-8449C68EB826}.Debug|x86.ActiveCfg = Debug|Any CPU
		{454D9734-EDF3-4646-8C7F-8449C68EB826}.Release|.NET.ActiveCfg = Release|Any CPU
		{454D9734-EDF3-4646-8C7F-8449C68EB826}.Release|Any CPU.ActiveCfg = Release|Any CPU
		{454D9734-EDF3-4646-8C7F-8449C68EB826}.Release|Any CPU.Build.0 = Release|Any CPU
		{454D9734-EDF3-4646-8C7F-8449C68EB826}.Release|Mixed Platforms.ActiveCfg = Release|Any CPU
		{454D9734-EDF3-4646-8C7F-8449C68EB826}.Release|Mixed Platforms.Build.0 = Release|Any CPU
		{454D9734-EDF3-4646-8C7F-8449C68EB826}.Release|Win32.ActiveCfg = Release|Any CPU
		{454D9734-EDF3-4646-8C7F-8449C68EB826}.Release|x86.ActiveCfg = Release|Any CPU
		{0942ACB2-EBA0-4E2B-B363-205DF72A77B2}.Debug|.NET.ActiveCfg = Debug|Any CPU
		{0942ACB2-EBA0-4E2B-B363-205DF72A77B2}.Debug|Any CPU.ActiveCfg = Debug|Any CPU
		{0942ACB2-EBA0-4E2B-B363-205DF72A77B2}.Debug|Any CPU.Build.0 = Debug|Any CPU
		{0942ACB2-EBA0-4E2B-B363-205DF72A77B2}.Debug|Mixed Platforms.ActiveCfg = Debug|Any CPU
		{0942ACB2-EBA0-4E2B-B363-205DF72A77B2}.Debug|Mixed Platforms.Build.0 = Debug|Any CPU
		{0942ACB2-EBA0-4E2B-B363-205DF72A77B2}.Debug|Win32.ActiveCfg = Debug|Any CPU
		{0942ACB2-EBA0-4E2B-B363-205DF72A77B2}.Debug|x86.ActiveCfg = Debug|Any CPU
		{0942ACB2-EBA0-4E2B-B363-205DF72A77B2}.Release|.NET.ActiveCfg = Release|Any CPU
		{0942ACB2-EBA0-4E2B-B363-205DF72A77B2}.Release|Any CPU.ActiveCfg = Release|Any CPU
		{0942ACB2-EBA0-4E2B-B363-205DF72A77B2}.Release|Any CPU.Build.0 = Release|Any CPU
		{0942ACB2-EBA0-4E2B-B363-205DF72A77B2}.Release|Mixed Platforms.ActiveCfg = Release|Any CPU
		{0942ACB2-EBA0-4E2B-B363-205DF72A77B2}.Release|Mixed Platforms.Build.0 = Release|Any CPU
		{0942ACB2-EBA0-4E2B-B363-205DF72A77B2}.Release|Win32.ActiveCfg = Release|Any CPU
		{0942ACB2-EBA0-4E2B-B363-205DF72A77B2}.Release|x86.ActiveCfg = Release|Any CPU
		{66A00AB2-6964-4815-9140-F28FEE48E6D6}.Debug|.NET.ActiveCfg = Debug|Any CPU
		{66A00AB2-6964-4815-9140-F28FEE48E6D6}.Debug|Any CPU.ActiveCfg = Debug|Any CPU
		{66A00AB2-6964-4815-9140-F28FEE48E6D6}.Debug|Any CPU.Build.0 = Debug|Any CPU
		{66A00AB2-6964-4815-9140-F28FEE48E6D6}.Debug|Mixed Platforms.ActiveCfg = Debug|Any CPU
		{66A00AB2-6964-4815-9140-F28FEE48E6D6}.Debug|Mixed Platforms.Build.0 = Debug|Any CPU
		{66A00AB2-6964-4815-9140-F28FEE48E6D6}.Debug|Win32.ActiveCfg = Debug|Any CPU
		{66A00AB2-6964-4815-9140-F28FEE48E6D6}.Debug|x86.ActiveCfg = Debug|Any CPU
		{66A00AB2-6964-4815-9140-F28FEE48E6D6}.Release|.NET.ActiveCfg = Release|Any CPU
		{66A00AB2-6964-4815-9140-F28FEE48E6D6}.Release|Any CPU.ActiveCfg = Release|Any CPU
		{66A00AB2-6964-4815-9140-F28FEE48E6D6}.Release|Any CPU.Build.0 = Release|Any CPU
		{66A00AB2-6964-4815-9140-F28FEE48E6D6}.Release|Mixed Platforms.ActiveCfg = Release|Any CPU
		{66A00AB2-6964-4815-9140-F28FEE48E6D6}.Release|Mixed Platforms.Build.0 = Release|Any CPU
		{66A00AB2-6964-4815-9140-F28FEE48E6D6}.Release|Win32.ActiveCfg = Release|Any CPU
		{66A00AB2-6964-4815-9140-F28FEE48E6D6}.Release|x86.ActiveCfg = Release|Any CPU
		{DC11ED7F-97F6-4488-86B4-EEC67DD1F511}.Debug|.NET.ActiveCfg = Debug|Any CPU
		{DC11ED7F-97F6-4488-86B4-EEC67DD1F511}.Debug|Any CPU.ActiveCfg = Debug|Any CPU
		{DC11ED7F-97F6-4488-86B4-EEC67DD1F511}.Debug|Any CPU.Build.0 = Debug|Any CPU
		{DC11ED7F-97F6-4488-86B4-EEC67DD1F511}.Debug|Mixed Platforms.ActiveCfg = Debug|Any CPU
		{DC11ED7F-97F6-4488-86B4-EEC67DD1F511}.Debug|Mixed Platforms.Build.0 = Debug|Any CPU
		{DC11ED7F-97F6-4488-86B4-EEC67DD1F511}.Debug|Win32.ActiveCfg = Debug|Any CPU
		{DC11ED7F-97F6-4488-86B4-EEC67DD1F511}.Debug|x86.ActiveCfg = Debug|Any CPU
		{DC11ED7F-97F6-4488-86B4-EEC67DD1F511}.Release|.NET.ActiveCfg = Release|Any CPU
		{DC11ED7F-97F6-4488-86B4-EEC67DD1F511}.Release|Any CPU.ActiveCfg = Release|Any CPU
		{DC11ED7F-97F6-4488-86B4-EEC67DD1F511}.Release|Any CPU.Build.0 = Release|Any CPU
		{DC11ED7F-97F6-4488-86B4-EEC67DD1F511}.Release|Mixed Platforms.ActiveCfg = Release|Any CPU
		{DC11ED7F-97F6-4488-86B4-EEC67DD1F511}.Release|Mixed Platforms.Build.0 = Release|Any CPU
		{DC11ED7F-97F6-4488-86B4-EEC67DD1F511}.Release|Win32.ActiveCfg = Release|Any CPU
		{DC11ED7F-97F6-4488-86B4-EEC67DD1F511}.Release|x86.ActiveCfg = Release|Any CPU
		{CD10A2C6-246C-4CBB-8E92-86579714795A}.Debug|.NET.ActiveCfg = Debug|Any CPU
		{CD10A2C6-246C-4CBB-8E92-86579714795A}.Debug|Any CPU.ActiveCfg = Debug|Any CPU
		{CD10A2C6-246C-4CBB-8E92-86579714795A}.Debug|Any CPU.Build.0 = Debug|Any CPU
		{CD10A2C6-246C-4CBB-8E92-86579714795A}.Debug|Mixed Platforms.ActiveCfg = Debug|Any CPU
		{CD10A2C6-246C-4CBB-8E92-86579714795A}.Debug|Mixed Platforms.Build.0 = Debug|Any CPU
		{CD10A2C6-246C-4CBB-8E92-86579714795A}.Debug|Win32.ActiveCfg = Debug|Any CPU
		{CD10A2C6-246C-4CBB-8E92-86579714795A}.Debug|x86.ActiveCfg = Debug|Any CPU
		{CD10A2C6-246C-4CBB-8E92-86579714795A}.Release|.NET.ActiveCfg = Release|Any CPU
		{CD10A2C6-246C-4CBB-8E92-86579714795A}.Release|Any CPU.ActiveCfg = Release|Any CPU
		{CD10A2C6-246C-4CBB-8E92-86579714795A}.Release|Any CPU.Build.0 = Release|Any CPU
		{CD10A2C6-246C-4CBB-8E92-86579714795A}.Release|Mixed Platforms.ActiveCfg = Release|Any CPU
		{CD10A2C6-246C-4CBB-8E92-86579714795A}.Release|Mixed Platforms.Build.0 = Release|Any CPU
		{CD10A2C6-246C-4CBB-8E92-86579714795A}.Release|Win32.ActiveCfg = Release|Any CPU
		{CD10A2C6-246C-4CBB-8E92-86579714795A}.Release|x86.ActiveCfg = Release|Any CPU
		{4DEC7ADA-E512-43C5-8312-CA076818C2A9}.Debug|.NET.ActiveCfg = Debug|Any CPU
		{4DEC7ADA-E512-43C5-8312-CA076818C2A9}.Debug|Any CPU.ActiveCfg = Debug|Any CPU
		{4DEC7ADA-E512-43C5-8312-CA076818C2A9}.Debug|Any CPU.Build.0 = Debug|Any CPU
		{4DEC7ADA-E512-43C5-8312-CA076818C2A9}.Debug|Mixed Platforms.ActiveCfg = Debug|Any CPU
		{4DEC7ADA-E512-43C5-8312-CA076818C2A9}.Debug|Mixed Platforms.Build.0 = Debug|Any CPU
		{4DEC7ADA-E512-43C5-8312-CA076818C2A9}.Debug|Win32.ActiveCfg = Debug|Any CPU
		{4DEC7ADA-E512-43C5-8312-CA076818C2A9}.Debug|x86.ActiveCfg = Debug|Any CPU
		{4DEC7ADA-E512-43C5-8312-CA076818C2A9}.Release|.NET.ActiveCfg = Release|Any CPU
		{4DEC7ADA-E512-43C5-8312-CA076818C2A9}.Release|Any CPU.ActiveCfg = Release|Any CPU
		{4DEC7ADA-E512-43C5-8312-CA076818C2A9}.Release|Any CPU.Build.0 = Release|Any CPU
		{4DEC7ADA-E512-43C5-8312-CA076818C2A9}.Release|Mixed Platforms.ActiveCfg = Release|Any CPU
		{4DEC7ADA-E512-43C5-8312-CA076818C2A9}.Release|Mixed Platforms.Build.0 = Release|Any CPU
		{4DEC7ADA-E512-43C5-8312-CA076818C2A9}.Release|Win32.ActiveCfg = Release|Any CPU
		{4DEC7ADA-E512-43C5-8312-CA076818C2A9}.Release|x86.ActiveCfg = Release|Any CPU
		{F6F2225D-B778-4FD2-9BA9-A8E2B58ACCCC}.Debug|.NET.ActiveCfg = Debug|Any CPU
		{F6F2225D-B778-4FD2-9BA9-A8E2B58ACCCC}.Debug|Any CPU.ActiveCfg = Debug|Any CPU
		{F6F2225D-B778-4FD2-9BA9-A8E2B58ACCCC}.Debug|Any CPU.Build.0 = Debug|Any CPU
		{F6F2225D-B778-4FD2-9BA9-A8E2B58ACCCC}.Debug|Mixed Platforms.ActiveCfg = Debug|Any CPU
		{F6F2225D-B778-4FD2-9BA9-A8E2B58ACCCC}.Debug|Mixed Platforms.Build.0 = Debug|Any CPU
		{F6F2225D-B778-4FD2-9BA9-A8E2B58ACCCC}.Debug|Win32.ActiveCfg = Debug|Any CPU
		{F6F2225D-B778-4FD2-9BA9-A8E2B58ACCCC}.Debug|x86.ActiveCfg = Debug|Any CPU
		{F6F2225D-B778-4FD2-9BA9-A8E2B58ACCCC}.Release|.NET.ActiveCfg = Release|Any CPU
		{F6F2225D-B778-4FD2-9BA9-A8E2B58ACCCC}.Release|Any CPU.ActiveCfg = Release|Any CPU
		{F6F2225D-B778-4FD2-9BA9-A8E2B58ACCCC}.Release|Any CPU.Build.0 = Release|Any CPU
		{F6F2225D-B778-4FD2-9BA9-A8E2B58ACCCC}.Release|Mixed Platforms.ActiveCfg = Release|Any CPU
		{F6F2225D-B778-4FD2-9BA9-A8E2B58ACCCC}.Release|Mixed Platforms.Build.0 = Release|Any CPU
		{F6F2225D-B778-4FD2-9BA9-A8E2B58ACCCC}.Release|Win32.ActiveCfg = Release|Any CPU
		{F6F2225D-B778-4FD2-9BA9-A8E2B58ACCCC}.Release|x86.ActiveCfg = Release|Any CPU
		{4A298321-9855-43DE-AA9C-79E4EFA0AE56}.Debug|.NET.ActiveCfg = Debug|Any CPU
		{4A298321-9855-43DE-AA9C-79E4EFA0AE56}.Debug|Any CPU.ActiveCfg = Debug|Any CPU
		{4A298321-9855-43DE-AA9C-79E4EFA0AE56}.Debug|Any CPU.Build.0 = Debug|Any CPU
		{4A298321-9855-43DE-AA9C-79E4EFA0AE56}.Debug|Mixed Platforms.ActiveCfg = Debug|Any CPU
		{4A298321-9855-43DE-AA9C-79E4EFA0AE56}.Debug|Mixed Platforms.Build.0 = Debug|Any CPU
		{4A298321-9855-43DE-AA9C-79E4EFA0AE56}.Debug|Win32.ActiveCfg = Debug|Any CPU
		{4A298321-9855-43DE-AA9C-79E4EFA0AE56}.Debug|x86.ActiveCfg = Debug|Any CPU
		{4A298321-9855-43DE-AA9C-79E4EFA0AE56}.Release|.NET.ActiveCfg = Release|Any CPU
		{4A298321-9855-43DE-AA9C-79E4EFA0AE56}.Release|Any CPU.ActiveCfg = Release|Any CPU
		{4A298321-9855-43DE-AA9C-79E4EFA0AE56}.Release|Any CPU.Build.0 = Release|Any CPU
		{4A298321-9855-43DE-AA9C-79E4EFA0AE56}.Release|Mixed Platforms.ActiveCfg = Release|Any CPU
		{4A298321-9855-43DE-AA9C-79E4EFA0AE56}.Release|Mixed Platforms.Build.0 = Release|Any CPU
		{4A298321-9855-43DE-AA9C-79E4EFA0AE56}.Release|Win32.ActiveCfg = Release|Any CPU
		{4A298321-9855-43DE-AA9C-79E4EFA0AE56}.Release|x86.ActiveCfg = Release|Any CPU
		{D0D1798C-08F7-4DE6-94E9-CC382E1FBEC8}.Debug|.NET.ActiveCfg = Debug|Any CPU
		{D0D1798C-08F7-4DE6-94E9-CC382E1FBEC8}.Debug|Any CPU.ActiveCfg = Debug|Any CPU
		{D0D1798C-08F7-4DE6-94E9-CC382E1FBEC8}.Debug|Any CPU.Build.0 = Debug|Any CPU
		{D0D1798C-08F7-4DE6-94E9-CC382E1FBEC8}.Debug|Mixed Platforms.ActiveCfg = Debug|Any CPU
		{D0D1798C-08F7-4DE6-94E9-CC382E1FBEC8}.Debug|Mixed Platforms.Build.0 = Debug|Any CPU
		{D0D1798C-08F7-4DE6-94E9-CC382E1FBEC8}.Debug|Win32.ActiveCfg = Debug|Any CPU
		{D0D1798C-08F7-4DE6-94E9-CC382E1FBEC8}.Debug|x86.ActiveCfg = Debug|Any CPU
		{D0D1798C-08F7-4DE6-94E9-CC382E1FBEC8}.Release|.NET.ActiveCfg = Release|Any CPU
		{D0D1798C-08F7-4DE6-94E9-CC382E1FBEC8}.Release|Any CPU.ActiveCfg = Release|Any CPU
		{D0D1798C-08F7-4DE6-94E9-CC382E1FBEC8}.Release|Any CPU.Build.0 = Release|Any CPU
		{D0D1798C-08F7-4DE6-94E9-CC382E1FBEC8}.Release|Mixed Platforms.ActiveCfg = Release|Any CPU
		{D0D1798C-08F7-4DE6-94E9-CC382E1FBEC8}.Release|Mixed Platforms.Build.0 = Release|Any CPU
		{D0D1798C-08F7-4DE6-94E9-CC382E1FBEC8}.Release|Win32.ActiveCfg = Release|Any CPU
		{D0D1798C-08F7-4DE6-94E9-CC382E1FBEC8}.Release|x86.ActiveCfg = Release|Any CPU
		{0B2DCD75-44FF-4AF6-AA08-AAF4EA30C402}.Debug|.NET.ActiveCfg = Debug|Any CPU
		{0B2DCD75-44FF-4AF6-AA08-AAF4EA30C402}.Debug|Any CPU.ActiveCfg = Debug|Any CPU
		{0B2DCD75-44FF-4AF6-AA08-AAF4EA30C402}.Debug|Any CPU.Build.0 = Debug|Any CPU
		{0B2DCD75-44FF-4AF6-AA08-AAF4EA30C402}.Debug|Mixed Platforms.ActiveCfg = Debug|Any CPU
		{0B2DCD75-44FF-4AF6-AA08-AAF4EA30C402}.Debug|Mixed Platforms.Build.0 = Debug|Any CPU
		{0B2DCD75-44FF-4AF6-AA08-AAF4EA30C402}.Debug|Win32.ActiveCfg = Debug|Any CPU
		{0B2DCD75-44FF-4AF6-AA08-AAF4EA30C402}.Debug|x86.ActiveCfg = Debug|Any CPU
		{0B2DCD75-44FF-4AF6-AA08-AAF4EA30C402}.Release|.NET.ActiveCfg = Release|Any CPU
		{0B2DCD75-44FF-4AF6-AA08-AAF4EA30C402}.Release|Any CPU.ActiveCfg = Release|Any CPU
		{0B2DCD75-44FF-4AF6-AA08-AAF4EA30C402}.Release|Any CPU.Build.0 = Release|Any CPU
		{0B2DCD75-44FF-4AF6-AA08-AAF4EA30C402}.Release|Mixed Platforms.ActiveCfg = Release|Any CPU
		{0B2DCD75-44FF-4AF6-AA08-AAF4EA30C402}.Release|Mixed Platforms.Build.0 = Release|Any CPU
		{0B2DCD75-44FF-4AF6-AA08-AAF4EA30C402}.Release|Win32.ActiveCfg = Release|Any CPU
		{0B2DCD75-44FF-4AF6-AA08-AAF4EA30C402}.Release|x86.ActiveCfg = Release|Any CPU
		{2B4E0F2E-B458-4BC2-96AC-6A4D9324F974}.Debug|.NET.ActiveCfg = Debug|Any CPU
		{2B4E0F2E-B458-4BC2-96AC-6A4D9324F974}.Debug|Any CPU.ActiveCfg = Debug|Any CPU
		{2B4E0F2E-B458-4BC2-96AC-6A4D9324F974}.Debug|Any CPU.Build.0 = Debug|Any CPU
		{2B4E0F2E-B458-4BC2-96AC-6A4D9324F974}.Debug|Mixed Platforms.ActiveCfg = Debug|Any CPU
		{2B4E0F2E-B458-4BC2-96AC-6A4D9324F974}.Debug|Mixed Platforms.Build.0 = Debug|Any CPU
		{2B4E0F2E-B458-4BC2-96AC-6A4D9324F974}.Debug|Win32.ActiveCfg = Debug|Any CPU
		{2B4E0F2E-B458-4BC2-96AC-6A4D9324F974}.Debug|x86.ActiveCfg = Debug|Any CPU
		{2B4E0F2E-B458-4BC2-96AC-6A4D9324F974}.Release|.NET.ActiveCfg = Release|Any CPU
		{2B4E0F2E-B458-4BC2-96AC-6A4D9324F974}.Release|Any CPU.ActiveCfg = Release|Any CPU
		{2B4E0F2E-B458-4BC2-96AC-6A4D9324F974}.Release|Any CPU.Build.0 = Release|Any CPU
		{2B4E0F2E-B458-4BC2-96AC-6A4D9324F974}.Release|Mixed Platforms.ActiveCfg = Release|Any CPU
		{2B4E0F2E-B458-4BC2-96AC-6A4D9324F974}.Release|Mixed Platforms.Build.0 = Release|Any CPU
		{2B4E0F2E-B458-4BC2-96AC-6A4D9324F974}.Release|Win32.ActiveCfg = Release|Any CPU
		{2B4E0F2E-B458-4BC2-96AC-6A4D9324F974}.Release|x86.ActiveCfg = Release|Any CPU
		{A943CF9B-7FCD-413A-B6D9-A199A69AF217}.Debug|.NET.ActiveCfg = Debug|Any CPU
		{A943CF9B-7FCD-413A-B6D9-A199A69AF217}.Debug|Any CPU.ActiveCfg = Debug|Any CPU
		{A943CF9B-7FCD-413A-B6D9-A199A69AF217}.Debug|Any CPU.Build.0 = Debug|Any CPU
		{A943CF9B-7FCD-413A-B6D9-A199A69AF217}.Debug|Mixed Platforms.ActiveCfg = Debug|Any CPU
		{A943CF9B-7FCD-413A-B6D9-A199A69AF217}.Debug|Mixed Platforms.Build.0 = Debug|Any CPU
		{A943CF9B-7FCD-413A-B6D9-A199A69AF217}.Debug|Win32.ActiveCfg = Debug|Any CPU
		{A943CF9B-7FCD-413A-B6D9-A199A69AF217}.Debug|x86.ActiveCfg = Debug|Any CPU
		{A943CF9B-7FCD-413A-B6D9-A199A69AF217}.Release|.NET.ActiveCfg = Release|Any CPU
		{A943CF9B-7FCD-413A-B6D9-A199A69AF217}.Release|Any CPU.ActiveCfg = Release|Any CPU
		{A943CF9B-7FCD-413A-B6D9-A199A69AF217}.Release|Any CPU.Build.0 = Release|Any CPU
		{A943CF9B-7FCD-413A-B6D9-A199A69AF217}.Release|Mixed Platforms.ActiveCfg = Release|Any CPU
		{A943CF9B-7FCD-413A-B6D9-A199A69AF217}.Release|Mixed Platforms.Build.0 = Release|Any CPU
		{A943CF9B-7FCD-413A-B6D9-A199A69AF217}.Release|Win32.ActiveCfg = Release|Any CPU
		{A943CF9B-7FCD-413A-B6D9-A199A69AF217}.Release|x86.ActiveCfg = Release|Any CPU
		{FDFE3507-E8CE-4930-B9B5-8FB647CFC6DC}.Debug|.NET.ActiveCfg = Debug|Any CPU
		{FDFE3507-E8CE-4930-B9B5-8FB647CFC6DC}.Debug|Any CPU.ActiveCfg = Debug|Any CPU
		{FDFE3507-E8CE-4930-B9B5-8FB647CFC6DC}.Debug|Any CPU.Build.0 = Debug|Any CPU
		{FDFE3507-E8CE-4930-B9B5-8FB647CFC6DC}.Debug|Mixed Platforms.ActiveCfg = Debug|Any CPU
		{FDFE3507-E8CE-4930-B9B5-8FB647CFC6DC}.Debug|Mixed Platforms.Build.0 = Debug|Any CPU
		{FDFE3507-E8CE-4930-B9B5-8FB647CFC6DC}.Debug|Win32.ActiveCfg = Debug|Any CPU
		{FDFE3507-E8CE-4930-B9B5-8FB647CFC6DC}.Debug|x86.ActiveCfg = Debug|Any CPU
		{FDFE3507-E8CE-4930-B9B5-8FB647CFC6DC}.Release|.NET.ActiveCfg = Release|Any CPU
		{FDFE3507-E8CE-4930-B9B5-8FB647CFC6DC}.Release|Any CPU.ActiveCfg = Release|Any CPU
		{FDFE3507-E8CE-4930-B9B5-8FB647CFC6DC}.Release|Any CPU.Build.0 = Release|Any CPU
		{FDFE3507-E8CE-4930-B9B5-8FB647CFC6DC}.Release|Mixed Platforms.ActiveCfg = Release|Any CPU
		{FDFE3507-E8CE-4930-B9B5-8FB647CFC6DC}.Release|Mixed Platforms.Build.0 = Release|Any CPU
		{FDFE3507-E8CE-4930-B9B5-8FB647CFC6DC}.Release|Win32.ActiveCfg = Release|Any CPU
		{FDFE3507-E8CE-4930-B9B5-8FB647CFC6DC}.Release|x86.ActiveCfg = Release|Any CPU
		{500C7C4B-5B7A-40E0-BEED-75DDF1BA78D5}.Debug|.NET.ActiveCfg = Debug|Any CPU
		{500C7C4B-5B7A-40E0-BEED-75DDF1BA78D5}.Debug|Any CPU.ActiveCfg = Debug|Any CPU
		{500C7C4B-5B7A-40E0-BEED-75DDF1BA78D5}.Debug|Any CPU.Build.0 = Debug|Any CPU
		{500C7C4B-5B7A-40E0-BEED-75DDF1BA78D5}.Debug|Mixed Platforms.ActiveCfg = Debug|Any CPU
		{500C7C4B-5B7A-40E0-BEED-75DDF1BA78D5}.Debug|Mixed Platforms.Build.0 = Debug|Any CPU
		{500C7C4B-5B7A-40E0-BEED-75DDF1BA78D5}.Debug|Win32.ActiveCfg = Debug|Any CPU
		{500C7C4B-5B7A-40E0-BEED-75DDF1BA78D5}.Debug|x86.ActiveCfg = Debug|Any CPU
		{500C7C4B-5B7A-40E0-BEED-75DDF1BA78D5}.Release|.NET.ActiveCfg = Release|Any CPU
		{500C7C4B-5B7A-40E0-BEED-75DDF1BA78D5}.Release|Any CPU.ActiveCfg = Release|Any CPU
		{500C7C4B-5B7A-40E0-BEED-75DDF1BA78D5}.Release|Any CPU.Build.0 = Release|Any CPU
		{500C7C4B-5B7A-40E0-BEED-75DDF1BA78D5}.Release|Mixed Platforms.ActiveCfg = Release|Any CPU
		{500C7C4B-5B7A-40E0-BEED-75DDF1BA78D5}.Release|Mixed Platforms.Build.0 = Release|Any CPU
		{500C7C4B-5B7A-40E0-BEED-75DDF1BA78D5}.Release|Win32.ActiveCfg = Release|Any CPU
		{500C7C4B-5B7A-40E0-BEED-75DDF1BA78D5}.Release|x86.ActiveCfg = Release|Any CPU
		{C4EF0F8B-B8BC-4BBD-91E6-F11D2335F901}.Debug|.NET.ActiveCfg = Debug|Any CPU
		{C4EF0F8B-B8BC-4BBD-91E6-F11D2335F901}.Debug|Any CPU.ActiveCfg = Debug|Any CPU
		{C4EF0F8B-B8BC-4BBD-91E6-F11D2335F901}.Debug|Any CPU.Build.0 = Debug|Any CPU
		{C4EF0F8B-B8BC-4BBD-91E6-F11D2335F901}.Debug|Mixed Platforms.ActiveCfg = Debug|Any CPU
		{C4EF0F8B-B8BC-4BBD-91E6-F11D2335F901}.Debug|Mixed Platforms.Build.0 = Debug|Any CPU
		{C4EF0F8B-B8BC-4BBD-91E6-F11D2335F901}.Debug|Win32.ActiveCfg = Debug|Any CPU
		{C4EF0F8B-B8BC-4BBD-91E6-F11D2335F901}.Debug|x86.ActiveCfg = Debug|Any CPU
		{C4EF0F8B-B8BC-4BBD-91E6-F11D2335F901}.Release|.NET.ActiveCfg = Release|Any CPU
		{C4EF0F8B-B8BC-4BBD-91E6-F11D2335F901}.Release|Any CPU.ActiveCfg = Release|Any CPU
		{C4EF0F8B-B8BC-4BBD-91E6-F11D2335F901}.Release|Any CPU.Build.0 = Release|Any CPU
		{C4EF0F8B-B8BC-4BBD-91E6-F11D2335F901}.Release|Mixed Platforms.ActiveCfg = Release|Any CPU
		{C4EF0F8B-B8BC-4BBD-91E6-F11D2335F901}.Release|Mixed Platforms.Build.0 = Release|Any CPU
		{C4EF0F8B-B8BC-4BBD-91E6-F11D2335F901}.Release|Win32.ActiveCfg = Release|Any CPU
		{C4EF0F8B-B8BC-4BBD-91E6-F11D2335F901}.Release|x86.ActiveCfg = Release|Any CPU
		{3F73B4EB-4EE6-45DF-AA07-06ECDEFA5BD9}.Debug|.NET.ActiveCfg = Debug|Any CPU
		{3F73B4EB-4EE6-45DF-AA07-06ECDEFA5BD9}.Debug|Any CPU.ActiveCfg = Debug|Any CPU
		{3F73B4EB-4EE6-45DF-AA07-06ECDEFA5BD9}.Debug|Any CPU.Build.0 = Debug|Any CPU
		{3F73B4EB-4EE6-45DF-AA07-06ECDEFA5BD9}.Debug|Mixed Platforms.ActiveCfg = Debug|Any CPU
		{3F73B4EB-4EE6-45DF-AA07-06ECDEFA5BD9}.Debug|Mixed Platforms.Build.0 = Debug|Any CPU
		{3F73B4EB-4EE6-45DF-AA07-06ECDEFA5BD9}.Debug|Win32.ActiveCfg = Debug|Any CPU
		{3F73B4EB-4EE6-45DF-AA07-06ECDEFA5BD9}.Debug|x86.ActiveCfg = Debug|Any CPU
		{3F73B4EB-4EE6-45DF-AA07-06ECDEFA5BD9}.Release|.NET.ActiveCfg = Release|Any CPU
		{3F73B4EB-4EE6-45DF-AA07-06ECDEFA5BD9}.Release|Any CPU.ActiveCfg = Release|Any CPU
		{3F73B4EB-4EE6-45DF-AA07-06ECDEFA5BD9}.Release|Any CPU.Build.0 = Release|Any CPU
		{3F73B4EB-4EE6-45DF-AA07-06ECDEFA5BD9}.Release|Mixed Platforms.ActiveCfg = Release|Any CPU
		{3F73B4EB-4EE6-45DF-AA07-06ECDEFA5BD9}.Release|Mixed Platforms.Build.0 = Release|Any CPU
		{3F73B4EB-4EE6-45DF-AA07-06ECDEFA5BD9}.Release|Win32.ActiveCfg = Release|Any CPU
		{3F73B4EB-4EE6-45DF-AA07-06ECDEFA5BD9}.Release|x86.ActiveCfg = Release|Any CPU
		{33DCEC6D-66F2-4AB7-9DD9-293DBB5414B1}.Debug|.NET.ActiveCfg = Debug|Any CPU
		{33DCEC6D-66F2-4AB7-9DD9-293DBB5414B1}.Debug|Any CPU.ActiveCfg = Debug|Any CPU
		{33DCEC6D-66F2-4AB7-9DD9-293DBB5414B1}.Debug|Any CPU.Build.0 = Debug|Any CPU
		{33DCEC6D-66F2-4AB7-9DD9-293DBB5414B1}.Debug|Mixed Platforms.ActiveCfg = Debug|Any CPU
		{33DCEC6D-66F2-4AB7-9DD9-293DBB5414B1}.Debug|Mixed Platforms.Build.0 = Debug|Any CPU
		{33DCEC6D-66F2-4AB7-9DD9-293DBB5414B1}.Debug|Win32.ActiveCfg = Debug|Any CPU
		{33DCEC6D-66F2-4AB7-9DD9-293DBB5414B1}.Debug|x86.ActiveCfg = Debug|Any CPU
		{33DCEC6D-66F2-4AB7-9DD9-293DBB5414B1}.Release|.NET.ActiveCfg = Release|Any CPU
		{33DCEC6D-66F2-4AB7-9DD9-293DBB5414B1}.Release|Any CPU.ActiveCfg = Release|Any CPU
		{33DCEC6D-66F2-4AB7-9DD9-293DBB5414B1}.Release|Any CPU.Build.0 = Release|Any CPU
		{33DCEC6D-66F2-4AB7-9DD9-293DBB5414B1}.Release|Mixed Platforms.ActiveCfg = Release|Any CPU
		{33DCEC6D-66F2-4AB7-9DD9-293DBB5414B1}.Release|Mixed Platforms.Build.0 = Release|Any CPU
		{33DCEC6D-66F2-4AB7-9DD9-293DBB5414B1}.Release|Win32.ActiveCfg = Release|Any CPU
		{33DCEC6D-66F2-4AB7-9DD9-293DBB5414B1}.Release|x86.ActiveCfg = Release|Any CPU
		{02595A47-2592-441D-B44D-8EA8C19EE5E2}.Debug|.NET.ActiveCfg = Debug|Any CPU
		{02595A47-2592-441D-B44D-8EA8C19EE5E2}.Debug|Any CPU.ActiveCfg = Debug|Any CPU
		{02595A47-2592-441D-B44D-8EA8C19EE5E2}.Debug|Any CPU.Build.0 = Debug|Any CPU
		{02595A47-2592-441D-B44D-8EA8C19EE5E2}.Debug|Mixed Platforms.ActiveCfg = Debug|Any CPU
		{02595A47-2592-441D-B44D-8EA8C19EE5E2}.Debug|Mixed Platforms.Build.0 = Debug|Any CPU
		{02595A47-2592-441D-B44D-8EA8C19EE5E2}.Debug|Win32.ActiveCfg = Debug|Any CPU
		{02595A47-2592-441D-B44D-8EA8C19EE5E2}.Debug|x86.ActiveCfg = Debug|Any CPU
		{02595A47-2592-441D-B44D-8EA8C19EE5E2}.Release|.NET.ActiveCfg = Release|Any CPU
		{02595A47-2592-441D-B44D-8EA8C19EE5E2}.Release|Any CPU.ActiveCfg = Release|Any CPU
		{02595A47-2592-441D-B44D-8EA8C19EE5E2}.Release|Any CPU.Build.0 = Release|Any CPU
		{02595A47-2592-441D-B44D-8EA8C19EE5E2}.Release|Mixed Platforms.ActiveCfg = Release|Any CPU
		{02595A47-2592-441D-B44D-8EA8C19EE5E2}.Release|Mixed Platforms.Build.0 = Release|Any CPU
		{02595A47-2592-441D-B44D-8EA8C19EE5E2}.Release|Win32.ActiveCfg = Release|Any CPU
		{02595A47-2592-441D-B44D-8EA8C19EE5E2}.Release|x86.ActiveCfg = Release|Any CPU
		{DB44D301-72EA-4F9B-8327-BE8EBC5B1BC8}.Debug|.NET.ActiveCfg = Debug|Any CPU
		{DB44D301-72EA-4F9B-8327-BE8EBC5B1BC8}.Debug|Any CPU.ActiveCfg = Debug|Any CPU
		{DB44D301-72EA-4F9B-8327-BE8EBC5B1BC8}.Debug|Any CPU.Build.0 = Debug|Any CPU
		{DB44D301-72EA-4F9B-8327-BE8EBC5B1BC8}.Debug|Mixed Platforms.ActiveCfg = Debug|Any CPU
		{DB44D301-72EA-4F9B-8327-BE8EBC5B1BC8}.Debug|Mixed Platforms.Build.0 = Debug|Any CPU
		{DB44D301-72EA-4F9B-8327-BE8EBC5B1BC8}.Debug|Win32.ActiveCfg = Debug|Any CPU
		{DB44D301-72EA-4F9B-8327-BE8EBC5B1BC8}.Debug|x86.ActiveCfg = Debug|Any CPU
		{DB44D301-72EA-4F9B-8327-BE8EBC5B1BC8}.Release|.NET.ActiveCfg = Release|Any CPU
		{DB44D301-72EA-4F9B-8327-BE8EBC5B1BC8}.Release|Any CPU.ActiveCfg = Release|Any CPU
		{DB44D301-72EA-4F9B-8327-BE8EBC5B1BC8}.Release|Any CPU.Build.0 = Release|Any CPU
		{DB44D301-72EA-4F9B-8327-BE8EBC5B1BC8}.Release|Mixed Platforms.ActiveCfg = Release|Any CPU
		{DB44D301-72EA-4F9B-8327-BE8EBC5B1BC8}.Release|Mixed Platforms.Build.0 = Release|Any CPU
		{DB44D301-72EA-4F9B-8327-BE8EBC5B1BC8}.Release|Win32.ActiveCfg = Release|Any CPU
		{DB44D301-72EA-4F9B-8327-BE8EBC5B1BC8}.Release|x86.ActiveCfg = Release|Any CPU
		{F1B0C3C9-1C64-4744-9217-C25FBC5D0DCC}.Debug|.NET.ActiveCfg = Debug|Any CPU
		{F1B0C3C9-1C64-4744-9217-C25FBC5D0DCC}.Debug|Any CPU.ActiveCfg = Debug|Any CPU
		{F1B0C3C9-1C64-4744-9217-C25FBC5D0DCC}.Debug|Any CPU.Build.0 = Debug|Any CPU
		{F1B0C3C9-1C64-4744-9217-C25FBC5D0DCC}.Debug|Mixed Platforms.ActiveCfg = Debug|Any CPU
		{F1B0C3C9-1C64-4744-9217-C25FBC5D0DCC}.Debug|Mixed Platforms.Build.0 = Debug|Any CPU
		{F1B0C3C9-1C64-4744-9217-C25FBC5D0DCC}.Debug|Win32.ActiveCfg = Debug|Any CPU
		{F1B0C3C9-1C64-4744-9217-C25FBC5D0DCC}.Debug|x86.ActiveCfg = Debug|Any CPU
		{F1B0C3C9-1C64-4744-9217-C25FBC5D0DCC}.Release|.NET.ActiveCfg = Release|Any CPU
		{F1B0C3C9-1C64-4744-9217-C25FBC5D0DCC}.Release|Any CPU.ActiveCfg = Release|Any CPU
		{F1B0C3C9-1C64-4744-9217-C25FBC5D0DCC}.Release|Any CPU.Build.0 = Release|Any CPU
		{F1B0C3C9-1C64-4744-9217-C25FBC5D0DCC}.Release|Mixed Platforms.ActiveCfg = Release|Any CPU
		{F1B0C3C9-1C64-4744-9217-C25FBC5D0DCC}.Release|Mixed Platforms.Build.0 = Release|Any CPU
		{F1B0C3C9-1C64-4744-9217-C25FBC5D0DCC}.Release|Win32.ActiveCfg = Release|Any CPU
		{F1B0C3C9-1C64-4744-9217-C25FBC5D0DCC}.Release|x86.ActiveCfg = Release|Any CPU
		{0A1B3397-06E3-4C23-A667-FCCC19DC7D12}.Debug|.NET.ActiveCfg = Debug|Any CPU
		{0A1B3397-06E3-4C23-A667-FCCC19DC7D12}.Debug|Any CPU.ActiveCfg = Debug|Any CPU
		{0A1B3397-06E3-4C23-A667-FCCC19DC7D12}.Debug|Any CPU.Build.0 = Debug|Any CPU
		{0A1B3397-06E3-4C23-A667-FCCC19DC7D12}.Debug|Mixed Platforms.ActiveCfg = Debug|Any CPU
		{0A1B3397-06E3-4C23-A667-FCCC19DC7D12}.Debug|Mixed Platforms.Build.0 = Debug|Any CPU
		{0A1B3397-06E3-4C23-A667-FCCC19DC7D12}.Debug|Win32.ActiveCfg = Debug|Any CPU
		{0A1B3397-06E3-4C23-A667-FCCC19DC7D12}.Debug|x86.ActiveCfg = Debug|Any CPU
		{0A1B3397-06E3-4C23-A667-FCCC19DC7D12}.Release|.NET.ActiveCfg = Release|Any CPU
		{0A1B3397-06E3-4C23-A667-FCCC19DC7D12}.Release|Any CPU.ActiveCfg = Release|Any CPU
		{0A1B3397-06E3-4C23-A667-FCCC19DC7D12}.Release|Any CPU.Build.0 = Release|Any CPU
		{0A1B3397-06E3-4C23-A667-FCCC19DC7D12}.Release|Mixed Platforms.ActiveCfg = Release|Any CPU
		{0A1B3397-06E3-4C23-A667-FCCC19DC7D12}.Release|Mixed Platforms.Build.0 = Release|Any CPU
		{0A1B3397-06E3-4C23-A667-FCCC19DC7D12}.Release|Win32.ActiveCfg = Release|Any CPU
		{0A1B3397-06E3-4C23-A667-FCCC19DC7D12}.Release|x86.ActiveCfg = Release|Any CPU
		{FD6AD906-BED1-4AC1-A7C5-0A04CCA2D7DC}.Debug|.NET.ActiveCfg = Debug|Any CPU
		{FD6AD906-BED1-4AC1-A7C5-0A04CCA2D7DC}.Debug|Any CPU.ActiveCfg = Debug|Any CPU
		{FD6AD906-BED1-4AC1-A7C5-0A04CCA2D7DC}.Debug|Any CPU.Build.0 = Debug|Any CPU
		{FD6AD906-BED1-4AC1-A7C5-0A04CCA2D7DC}.Debug|Mixed Platforms.ActiveCfg = Debug|Any CPU
		{FD6AD906-BED1-4AC1-A7C5-0A04CCA2D7DC}.Debug|Mixed Platforms.Build.0 = Debug|Any CPU
		{FD6AD906-BED1-4AC1-A7C5-0A04CCA2D7DC}.Debug|Win32.ActiveCfg = Debug|Any CPU
		{FD6AD906-BED1-4AC1-A7C5-0A04CCA2D7DC}.Debug|x86.ActiveCfg = Debug|Any CPU
		{FD6AD906-BED1-4AC1-A7C5-0A04CCA2D7DC}.Release|.NET.ActiveCfg = Release|Any CPU
		{FD6AD906-BED1-4AC1-A7C5-0A04CCA2D7DC}.Release|Any CPU.ActiveCfg = Release|Any CPU
		{FD6AD906-BED1-4AC1-A7C5-0A04CCA2D7DC}.Release|Any CPU.Build.0 = Release|Any CPU
		{FD6AD906-BED1-4AC1-A7C5-0A04CCA2D7DC}.Release|Mixed Platforms.ActiveCfg = Release|Any CPU
		{FD6AD906-BED1-4AC1-A7C5-0A04CCA2D7DC}.Release|Mixed Platforms.Build.0 = Release|Any CPU
		{FD6AD906-BED1-4AC1-A7C5-0A04CCA2D7DC}.Release|Win32.ActiveCfg = Release|Any CPU
		{FD6AD906-BED1-4AC1-A7C5-0A04CCA2D7DC}.Release|x86.ActiveCfg = Release|Any CPU
		{3805DE2C-659A-442D-8C34-E88822A4D27C}.Debug|.NET.ActiveCfg = Debug|Any CPU
		{3805DE2C-659A-442D-8C34-E88822A4D27C}.Debug|Any CPU.ActiveCfg = Debug|Any CPU
		{3805DE2C-659A-442D-8C34-E88822A4D27C}.Debug|Any CPU.Build.0 = Debug|Any CPU
		{3805DE2C-659A-442D-8C34-E88822A4D27C}.Debug|Mixed Platforms.ActiveCfg = Debug|Any CPU
		{3805DE2C-659A-442D-8C34-E88822A4D27C}.Debug|Mixed Platforms.Build.0 = Debug|Any CPU
		{3805DE2C-659A-442D-8C34-E88822A4D27C}.Debug|Win32.ActiveCfg = Debug|Any CPU
		{3805DE2C-659A-442D-8C34-E88822A4D27C}.Debug|x86.ActiveCfg = Debug|Any CPU
		{3805DE2C-659A-442D-8C34-E88822A4D27C}.Release|.NET.ActiveCfg = Release|Any CPU
		{3805DE2C-659A-442D-8C34-E88822A4D27C}.Release|Any CPU.ActiveCfg = Release|Any CPU
		{3805DE2C-659A-442D-8C34-E88822A4D27C}.Release|Any CPU.Build.0 = Release|Any CPU
		{3805DE2C-659A-442D-8C34-E88822A4D27C}.Release|Mixed Platforms.ActiveCfg = Release|Any CPU
		{3805DE2C-659A-442D-8C34-E88822A4D27C}.Release|Mixed Platforms.Build.0 = Release|Any CPU
		{3805DE2C-659A-442D-8C34-E88822A4D27C}.Release|Win32.ActiveCfg = Release|Any CPU
		{3805DE2C-659A-442D-8C34-E88822A4D27C}.Release|x86.ActiveCfg = Release|Any CPU
		{197A1FBD-B56C-4CB4-93DE-B908D63E52BA}.Debug|.NET.ActiveCfg = Debug|Any CPU
		{197A1FBD-B56C-4CB4-93DE-B908D63E52BA}.Debug|Any CPU.ActiveCfg = Debug|Any CPU
		{197A1FBD-B56C-4CB4-93DE-B908D63E52BA}.Debug|Any CPU.Build.0 = Debug|Any CPU
		{197A1FBD-B56C-4CB4-93DE-B908D63E52BA}.Debug|Mixed Platforms.ActiveCfg = Debug|Any CPU
		{197A1FBD-B56C-4CB4-93DE-B908D63E52BA}.Debug|Mixed Platforms.Build.0 = Debug|Any CPU
		{197A1FBD-B56C-4CB4-93DE-B908D63E52BA}.Debug|Win32.ActiveCfg = Debug|Any CPU
		{197A1FBD-B56C-4CB4-93DE-B908D63E52BA}.Debug|x86.ActiveCfg = Debug|Any CPU
		{197A1FBD-B56C-4CB4-93DE-B908D63E52BA}.Release|.NET.ActiveCfg = Release|Any CPU
		{197A1FBD-B56C-4CB4-93DE-B908D63E52BA}.Release|Any CPU.ActiveCfg = Release|Any CPU
		{197A1FBD-B56C-4CB4-93DE-B908D63E52BA}.Release|Any CPU.Build.0 = Release|Any CPU
		{197A1FBD-B56C-4CB4-93DE-B908D63E52BA}.Release|Mixed Platforms.ActiveCfg = Release|Any CPU
		{197A1FBD-B56C-4CB4-93DE-B908D63E52BA}.Release|Mixed Platforms.Build.0 = Release|Any CPU
		{197A1FBD-B56C-4CB4-93DE-B908D63E52BA}.Release|Win32.ActiveCfg = Release|Any CPU
		{197A1FBD-B56C-4CB4-93DE-B908D63E52BA}.Release|x86.ActiveCfg = Release|Any CPU
		{18501CAB-5F95-49E5-B92C-BF52A5D08609}.Debug|.NET.ActiveCfg = Debug|Win32
		{18501CAB-5F95-49E5-B92C-BF52A5D08609}.Debug|Any CPU.ActiveCfg = Debug|Win32
		{18501CAB-5F95-49E5-B92C-BF52A5D08609}.Debug|Mixed Platforms.ActiveCfg = Debug|Win32
		{18501CAB-5F95-49E5-B92C-BF52A5D08609}.Debug|Mixed Platforms.Build.0 = Debug|Win32
		{18501CAB-5F95-49E5-B92C-BF52A5D08609}.Debug|Win32.ActiveCfg = Debug|Win32
		{18501CAB-5F95-49E5-B92C-BF52A5D08609}.Debug|Win32.Build.0 = Debug|Win32
		{18501CAB-5F95-49E5-B92C-BF52A5D08609}.Debug|x86.ActiveCfg = Debug|Win32
		{18501CAB-5F95-49E5-B92C-BF52A5D08609}.Release|.NET.ActiveCfg = Release|Win32
		{18501CAB-5F95-49E5-B92C-BF52A5D08609}.Release|Any CPU.ActiveCfg = Release|Win32
		{18501CAB-5F95-49E5-B92C-BF52A5D08609}.Release|Mixed Platforms.ActiveCfg = Release|Win32
		{18501CAB-5F95-49E5-B92C-BF52A5D08609}.Release|Mixed Platforms.Build.0 = Release|Win32
		{18501CAB-5F95-49E5-B92C-BF52A5D08609}.Release|Win32.ActiveCfg = Release|Win32
		{18501CAB-5F95-49E5-B92C-BF52A5D08609}.Release|Win32.Build.0 = Release|Win32
		{18501CAB-5F95-49E5-B92C-BF52A5D08609}.Release|x86.ActiveCfg = Release|Win32
		{D4EA1BCE-B797-4249-BCE0-77B7CA6FC776}.Debug|.NET.ActiveCfg = Debug|x86
		{D4EA1BCE-B797-4249-BCE0-77B7CA6FC776}.Debug|Any CPU.ActiveCfg = Debug|x86
		{D4EA1BCE-B797-4249-BCE0-77B7CA6FC776}.Debug|Mixed Platforms.ActiveCfg = Debug|x86
		{D4EA1BCE-B797-4249-BCE0-77B7CA6FC776}.Debug|Mixed Platforms.Build.0 = Debug|x86
		{D4EA1BCE-B797-4249-BCE0-77B7CA6FC776}.Debug|Win32.ActiveCfg = Debug|x86
		{D4EA1BCE-B797-4249-BCE0-77B7CA6FC776}.Debug|x86.ActiveCfg = Debug|x86
		{D4EA1BCE-B797-4249-BCE0-77B7CA6FC776}.Debug|x86.Build.0 = Debug|x86
		{D4EA1BCE-B797-4249-BCE0-77B7CA6FC776}.Release|.NET.ActiveCfg = Release|x86
		{D4EA1BCE-B797-4249-BCE0-77B7CA6FC776}.Release|Any CPU.ActiveCfg = Release|x86
		{D4EA1BCE-B797-4249-BCE0-77B7CA6FC776}.Release|Mixed Platforms.ActiveCfg = Release|x86
		{D4EA1BCE-B797-4249-BCE0-77B7CA6FC776}.Release|Mixed Platforms.Build.0 = Release|x86
		{D4EA1BCE-B797-4249-BCE0-77B7CA6FC776}.Release|Win32.ActiveCfg = Release|x86
		{D4EA1BCE-B797-4249-BCE0-77B7CA6FC776}.Release|x86.ActiveCfg = Release|x86
		{D4EA1BCE-B797-4249-BCE0-77B7CA6FC776}.Release|x86.Build.0 = Release|x86
		{6528DBD9-8129-48D8-AA21-C169F1679646}.Debug|.NET.ActiveCfg = Debug|Any CPU
		{6528DBD9-8129-48D8-AA21-C169F1679646}.Debug|Any CPU.ActiveCfg = Debug|Any CPU
		{6528DBD9-8129-48D8-AA21-C169F1679646}.Debug|Any CPU.Build.0 = Debug|Any CPU
		{6528DBD9-8129-48D8-AA21-C169F1679646}.Debug|Mixed Platforms.ActiveCfg = Debug|Any CPU
		{6528DBD9-8129-48D8-AA21-C169F1679646}.Debug|Mixed Platforms.Build.0 = Debug|Any CPU
		{6528DBD9-8129-48D8-AA21-C169F1679646}.Debug|Win32.ActiveCfg = Debug|Any CPU
		{6528DBD9-8129-48D8-AA21-C169F1679646}.Debug|x86.ActiveCfg = Debug|Any CPU
		{6528DBD9-8129-48D8-AA21-C169F1679646}.Release|.NET.ActiveCfg = Release|Any CPU
		{6528DBD9-8129-48D8-AA21-C169F1679646}.Release|Any CPU.ActiveCfg = Release|Any CPU
		{6528DBD9-8129-48D8-AA21-C169F1679646}.Release|Any CPU.Build.0 = Release|Any CPU
		{6528DBD9-8129-48D8-AA21-C169F1679646}.Release|Mixed Platforms.ActiveCfg = Release|Any CPU
		{6528DBD9-8129-48D8-AA21-C169F1679646}.Release|Mixed Platforms.Build.0 = Release|Any CPU
		{6528DBD9-8129-48D8-AA21-C169F1679646}.Release|Win32.ActiveCfg = Release|Any CPU
		{6528DBD9-8129-48D8-AA21-C169F1679646}.Release|x86.ActiveCfg = Release|Any CPU
		{00575BB6-C683-4A83-89D6-EE445EF463A3}.Debug|.NET.ActiveCfg = Debug|x86
		{00575BB6-C683-4A83-89D6-EE445EF463A3}.Debug|Any CPU.ActiveCfg = Debug|x86
		{00575BB6-C683-4A83-89D6-EE445EF463A3}.Debug|Mixed Platforms.ActiveCfg = Debug|x86
		{00575BB6-C683-4A83-89D6-EE445EF463A3}.Debug|Win32.ActiveCfg = Debug|x86
		{00575BB6-C683-4A83-89D6-EE445EF463A3}.Debug|Win32.Build.0 = Debug|x86
		{00575BB6-C683-4A83-89D6-EE445EF463A3}.Debug|x86.ActiveCfg = Debug|x86
		{00575BB6-C683-4A83-89D6-EE445EF463A3}.Debug|x86.Build.0 = Debug|x86
		{00575BB6-C683-4A83-89D6-EE445EF463A3}.Release|.NET.ActiveCfg = Release|x86
		{00575BB6-C683-4A83-89D6-EE445EF463A3}.Release|Any CPU.ActiveCfg = Release|x86
		{00575BB6-C683-4A83-89D6-EE445EF463A3}.Release|Mixed Platforms.ActiveCfg = Release|x86
		{00575BB6-C683-4A83-89D6-EE445EF463A3}.Release|Mixed Platforms.Build.0 = Release|x86
		{00575BB6-C683-4A83-89D6-EE445EF463A3}.Release|Win32.ActiveCfg = Release|x86
		{00575BB6-C683-4A83-89D6-EE445EF463A3}.Release|Win32.Build.0 = Release|x86
		{00575BB6-C683-4A83-89D6-EE445EF463A3}.Release|x86.ActiveCfg = Release|x86
		{00575BB6-C683-4A83-89D6-EE445EF463A3}.Release|x86.Build.0 = Release|x86
		{B1916638-EF20-4692-8C95-1C5AD6C67D30}.Debug|.NET.ActiveCfg = Debug|x86
		{B1916638-EF20-4692-8C95-1C5AD6C67D30}.Debug|Any CPU.ActiveCfg = Debug|x86
		{B1916638-EF20-4692-8C95-1C5AD6C67D30}.Debug|Mixed Platforms.ActiveCfg = Debug|x86
		{B1916638-EF20-4692-8C95-1C5AD6C67D30}.Debug|Win32.ActiveCfg = Debug|x86
		{B1916638-EF20-4692-8C95-1C5AD6C67D30}.Debug|Win32.Build.0 = Debug|x86
		{B1916638-EF20-4692-8C95-1C5AD6C67D30}.Debug|x86.ActiveCfg = Debug|x86
		{B1916638-EF20-4692-8C95-1C5AD6C67D30}.Debug|x86.Build.0 = Debug|x86
		{B1916638-EF20-4692-8C95-1C5AD6C67D30}.Release|.NET.ActiveCfg = Release|x86
		{B1916638-EF20-4692-8C95-1C5AD6C67D30}.Release|Any CPU.ActiveCfg = Release|x86
		{B1916638-EF20-4692-8C95-1C5AD6C67D30}.Release|Mixed Platforms.ActiveCfg = Release|x86
		{B1916638-EF20-4692-8C95-1C5AD6C67D30}.Release|Mixed Platforms.Build.0 = Release|x86
		{B1916638-EF20-4692-8C95-1C5AD6C67D30}.Release|Win32.ActiveCfg = Release|x86
		{B1916638-EF20-4692-8C95-1C5AD6C67D30}.Release|Win32.Build.0 = Release|x86
		{B1916638-EF20-4692-8C95-1C5AD6C67D30}.Release|x86.ActiveCfg = Release|x86
		{B1916638-EF20-4692-8C95-1C5AD6C67D30}.Release|x86.Build.0 = Release|x86
		{3BB6B0FB-6686-428B-9DC9-A32F349E50E6}.Debug|.NET.ActiveCfg = Debug|Any CPU
		{3BB6B0FB-6686-428B-9DC9-A32F349E50E6}.Debug|Any CPU.ActiveCfg = Debug|Any CPU
		{3BB6B0FB-6686-428B-9DC9-A32F349E50E6}.Debug|Any CPU.Build.0 = Debug|Any CPU
		{3BB6B0FB-6686-428B-9DC9-A32F349E50E6}.Debug|Mixed Platforms.ActiveCfg = Debug|Any CPU
		{3BB6B0FB-6686-428B-9DC9-A32F349E50E6}.Debug|Mixed Platforms.Build.0 = Debug|Any CPU
		{3BB6B0FB-6686-428B-9DC9-A32F349E50E6}.Debug|Win32.ActiveCfg = Debug|Any CPU
		{3BB6B0FB-6686-428B-9DC9-A32F349E50E6}.Debug|x86.ActiveCfg = Debug|Any CPU
		{3BB6B0FB-6686-428B-9DC9-A32F349E50E6}.Release|.NET.ActiveCfg = Release|Any CPU
		{3BB6B0FB-6686-428B-9DC9-A32F349E50E6}.Release|Any CPU.ActiveCfg = Release|Any CPU
		{3BB6B0FB-6686-428B-9DC9-A32F349E50E6}.Release|Any CPU.Build.0 = Release|Any CPU
		{3BB6B0FB-6686-428B-9DC9-A32F349E50E6}.Release|Mixed Platforms.ActiveCfg = Release|Any CPU
		{3BB6B0FB-6686-428B-9DC9-A32F349E50E6}.Release|Mixed Platforms.Build.0 = Release|Any CPU
		{3BB6B0FB-6686-428B-9DC9-A32F349E50E6}.Release|Win32.ActiveCfg = Release|Any CPU
		{3BB6B0FB-6686-428B-9DC9-A32F349E50E6}.Release|x86.ActiveCfg = Release|Any CPU
		{1976B356-7C5E-411A-A409-D3EB349E44FA}.Debug|.NET.ActiveCfg = Debug|Any CPU
		{1976B356-7C5E-411A-A409-D3EB349E44FA}.Debug|Any CPU.ActiveCfg = Debug|Any CPU
		{1976B356-7C5E-411A-A409-D3EB349E44FA}.Debug|Any CPU.Build.0 = Debug|Any CPU
		{1976B356-7C5E-411A-A409-D3EB349E44FA}.Debug|Mixed Platforms.ActiveCfg = Debug|Any CPU
		{1976B356-7C5E-411A-A409-D3EB349E44FA}.Debug|Mixed Platforms.Build.0 = Debug|Any CPU
		{1976B356-7C5E-411A-A409-D3EB349E44FA}.Debug|Win32.ActiveCfg = Debug|Any CPU
		{1976B356-7C5E-411A-A409-D3EB349E44FA}.Debug|x86.ActiveCfg = Debug|Any CPU
		{1976B356-7C5E-411A-A409-D3EB349E44FA}.Release|.NET.ActiveCfg = Release|Any CPU
		{1976B356-7C5E-411A-A409-D3EB349E44FA}.Release|Any CPU.ActiveCfg = Release|Any CPU
		{1976B356-7C5E-411A-A409-D3EB349E44FA}.Release|Any CPU.Build.0 = Release|Any CPU
		{1976B356-7C5E-411A-A409-D3EB349E44FA}.Release|Mixed Platforms.ActiveCfg = Release|Any CPU
		{1976B356-7C5E-411A-A409-D3EB349E44FA}.Release|Mixed Platforms.Build.0 = Release|Any CPU
		{1976B356-7C5E-411A-A409-D3EB349E44FA}.Release|Win32.ActiveCfg = Release|Any CPU
		{1976B356-7C5E-411A-A409-D3EB349E44FA}.Release|x86.ActiveCfg = Release|Any CPU
		{8D0F740F-A1DD-4BCF-9471-DD40BB74B25A}.Debug|.NET.ActiveCfg = Debug|Any CPU
		{8D0F740F-A1DD-4BCF-9471-DD40BB74B25A}.Debug|Any CPU.ActiveCfg = Debug|Any CPU
		{8D0F740F-A1DD-4BCF-9471-DD40BB74B25A}.Debug|Any CPU.Build.0 = Debug|Any CPU
		{8D0F740F-A1DD-4BCF-9471-DD40BB74B25A}.Debug|Mixed Platforms.ActiveCfg = Debug|Any CPU
		{8D0F740F-A1DD-4BCF-9471-DD40BB74B25A}.Debug|Win32.ActiveCfg = Debug|Any CPU
		{8D0F740F-A1DD-4BCF-9471-DD40BB74B25A}.Debug|x86.ActiveCfg = Debug|Any CPU
		{8D0F740F-A1DD-4BCF-9471-DD40BB74B25A}.Release|.NET.ActiveCfg = Release|Any CPU
		{8D0F740F-A1DD-4BCF-9471-DD40BB74B25A}.Release|Any CPU.ActiveCfg = Release|Any CPU
		{8D0F740F-A1DD-4BCF-9471-DD40BB74B25A}.Release|Any CPU.Build.0 = Release|Any CPU
		{8D0F740F-A1DD-4BCF-9471-DD40BB74B25A}.Release|Mixed Platforms.ActiveCfg = Release|Any CPU
		{8D0F740F-A1DD-4BCF-9471-DD40BB74B25A}.Release|Mixed Platforms.Build.0 = Release|Any CPU
		{8D0F740F-A1DD-4BCF-9471-DD40BB74B25A}.Release|Win32.ActiveCfg = Release|Any CPU
		{8D0F740F-A1DD-4BCF-9471-DD40BB74B25A}.Release|x86.ActiveCfg = Release|Any CPU
		{2882376F-663A-4FC8-842C-B0300A6829E8}.Debug|.NET.ActiveCfg = Debug|Any CPU
		{2882376F-663A-4FC8-842C-B0300A6829E8}.Debug|Any CPU.ActiveCfg = Debug|Any CPU
		{2882376F-663A-4FC8-842C-B0300A6829E8}.Debug|Any CPU.Build.0 = Debug|Any CPU
		{2882376F-663A-4FC8-842C-B0300A6829E8}.Debug|Mixed Platforms.ActiveCfg = Debug|Any CPU
		{2882376F-663A-4FC8-842C-B0300A6829E8}.Debug|Mixed Platforms.Build.0 = Debug|Any CPU
		{2882376F-663A-4FC8-842C-B0300A6829E8}.Debug|Win32.ActiveCfg = Debug|Any CPU
		{2882376F-663A-4FC8-842C-B0300A6829E8}.Debug|x86.ActiveCfg = Debug|Any CPU
		{2882376F-663A-4FC8-842C-B0300A6829E8}.Release|.NET.ActiveCfg = Release|Any CPU
		{2882376F-663A-4FC8-842C-B0300A6829E8}.Release|Any CPU.ActiveCfg = Release|Any CPU
		{2882376F-663A-4FC8-842C-B0300A6829E8}.Release|Any CPU.Build.0 = Release|Any CPU
		{2882376F-663A-4FC8-842C-B0300A6829E8}.Release|Mixed Platforms.ActiveCfg = Release|Any CPU
		{2882376F-663A-4FC8-842C-B0300A6829E8}.Release|Mixed Platforms.Build.0 = Release|Any CPU
		{2882376F-663A-4FC8-842C-B0300A6829E8}.Release|Win32.ActiveCfg = Release|Any CPU
		{2882376F-663A-4FC8-842C-B0300A6829E8}.Release|x86.ActiveCfg = Release|Any CPU
		{A4DEF935-217C-4107-998C-C7845893CFA0}.Debug|.NET.ActiveCfg = Debug|Any CPU
		{A4DEF935-217C-4107-998C-C7845893CFA0}.Debug|Any CPU.ActiveCfg = Debug|Any CPU
		{A4DEF935-217C-4107-998C-C7845893CFA0}.Debug|Any CPU.Build.0 = Debug|Any CPU
		{A4DEF935-217C-4107-998C-C7845893CFA0}.Debug|Mixed Platforms.ActiveCfg = Debug|Any CPU
		{A4DEF935-217C-4107-998C-C7845893CFA0}.Debug|Mixed Platforms.Build.0 = Debug|Any CPU
		{A4DEF935-217C-4107-998C-C7845893CFA0}.Debug|Win32.ActiveCfg = Debug|Any CPU
		{A4DEF935-217C-4107-998C-C7845893CFA0}.Debug|x86.ActiveCfg = Debug|Any CPU
		{A4DEF935-217C-4107-998C-C7845893CFA0}.Release|.NET.ActiveCfg = Release|Any CPU
		{A4DEF935-217C-4107-998C-C7845893CFA0}.Release|Any CPU.ActiveCfg = Release|Any CPU
		{A4DEF935-217C-4107-998C-C7845893CFA0}.Release|Any CPU.Build.0 = Release|Any CPU
		{A4DEF935-217C-4107-998C-C7845893CFA0}.Release|Mixed Platforms.ActiveCfg = Release|Any CPU
		{A4DEF935-217C-4107-998C-C7845893CFA0}.Release|Mixed Platforms.Build.0 = Release|Any CPU
		{A4DEF935-217C-4107-998C-C7845893CFA0}.Release|Win32.ActiveCfg = Release|Any CPU
		{A4DEF935-217C-4107-998C-C7845893CFA0}.Release|x86.ActiveCfg = Release|Any CPU
		{1A60F017-4E4C-48F8-BB97-47D52186C7FD}.Debug|.NET.ActiveCfg = Debug|Any CPU
		{1A60F017-4E4C-48F8-BB97-47D52186C7FD}.Debug|Any CPU.ActiveCfg = Debug|Any CPU
		{1A60F017-4E4C-48F8-BB97-47D52186C7FD}.Debug|Any CPU.Build.0 = Debug|Any CPU
		{1A60F017-4E4C-48F8-BB97-47D52186C7FD}.Debug|Mixed Platforms.ActiveCfg = Debug|Any CPU
		{1A60F017-4E4C-48F8-BB97-47D52186C7FD}.Debug|Mixed Platforms.Build.0 = Debug|Any CPU
		{1A60F017-4E4C-48F8-BB97-47D52186C7FD}.Debug|Win32.ActiveCfg = Debug|Any CPU
		{1A60F017-4E4C-48F8-BB97-47D52186C7FD}.Debug|x86.ActiveCfg = Debug|Any CPU
		{1A60F017-4E4C-48F8-BB97-47D52186C7FD}.Release|.NET.ActiveCfg = Release|Any CPU
		{1A60F017-4E4C-48F8-BB97-47D52186C7FD}.Release|Any CPU.ActiveCfg = Release|Any CPU
		{1A60F017-4E4C-48F8-BB97-47D52186C7FD}.Release|Any CPU.Build.0 = Release|Any CPU
		{1A60F017-4E4C-48F8-BB97-47D52186C7FD}.Release|Mixed Platforms.ActiveCfg = Release|Any CPU
		{1A60F017-4E4C-48F8-BB97-47D52186C7FD}.Release|Mixed Platforms.Build.0 = Release|Any CPU
		{1A60F017-4E4C-48F8-BB97-47D52186C7FD}.Release|Win32.ActiveCfg = Release|Any CPU
		{1A60F017-4E4C-48F8-BB97-47D52186C7FD}.Release|x86.ActiveCfg = Release|Any CPU
		{1C5DAC93-1202-4704-ABD5-3E49ADCF0E81}.Debug|.NET.ActiveCfg = Debug|Any CPU
		{1C5DAC93-1202-4704-ABD5-3E49ADCF0E81}.Debug|Any CPU.ActiveCfg = Debug|Any CPU
		{1C5DAC93-1202-4704-ABD5-3E49ADCF0E81}.Debug|Any CPU.Build.0 = Debug|Any CPU
		{1C5DAC93-1202-4704-ABD5-3E49ADCF0E81}.Debug|Mixed Platforms.ActiveCfg = Debug|Any CPU
		{1C5DAC93-1202-4704-ABD5-3E49ADCF0E81}.Debug|Mixed Platforms.Build.0 = Debug|Any CPU
		{1C5DAC93-1202-4704-ABD5-3E49ADCF0E81}.Debug|Win32.ActiveCfg = Debug|Any CPU
		{1C5DAC93-1202-4704-ABD5-3E49ADCF0E81}.Debug|x86.ActiveCfg = Debug|Any CPU
		{1C5DAC93-1202-4704-ABD5-3E49ADCF0E81}.Release|.NET.ActiveCfg = Release|Any CPU
		{1C5DAC93-1202-4704-ABD5-3E49ADCF0E81}.Release|Any CPU.ActiveCfg = Release|Any CPU
		{1C5DAC93-1202-4704-ABD5-3E49ADCF0E81}.Release|Any CPU.Build.0 = Release|Any CPU
		{1C5DAC93-1202-4704-ABD5-3E49ADCF0E81}.Release|Mixed Platforms.ActiveCfg = Release|Any CPU
		{1C5DAC93-1202-4704-ABD5-3E49ADCF0E81}.Release|Mixed Platforms.Build.0 = Release|Any CPU
		{1C5DAC93-1202-4704-ABD5-3E49ADCF0E81}.Release|Win32.ActiveCfg = Release|Any CPU
		{1C5DAC93-1202-4704-ABD5-3E49ADCF0E81}.Release|x86.ActiveCfg = Release|Any CPU
		{3269A135-4077-4BA0-B358-7974CCF09974}.Debug|.NET.ActiveCfg = Debug|Any CPU
		{3269A135-4077-4BA0-B358-7974CCF09974}.Debug|Any CPU.ActiveCfg = Debug|Any CPU
		{3269A135-4077-4BA0-B358-7974CCF09974}.Debug|Any CPU.Build.0 = Debug|Any CPU
		{3269A135-4077-4BA0-B358-7974CCF09974}.Debug|Mixed Platforms.ActiveCfg = Debug|Any CPU
		{3269A135-4077-4BA0-B358-7974CCF09974}.Debug|Mixed Platforms.Build.0 = Debug|Any CPU
		{3269A135-4077-4BA0-B358-7974CCF09974}.Debug|Win32.ActiveCfg = Debug|Any CPU
		{3269A135-4077-4BA0-B358-7974CCF09974}.Debug|x86.ActiveCfg = Debug|Any CPU
		{3269A135-4077-4BA0-B358-7974CCF09974}.Release|.NET.ActiveCfg = Release|Any CPU
		{3269A135-4077-4BA0-B358-7974CCF09974}.Release|Any CPU.ActiveCfg = Release|Any CPU
		{3269A135-4077-4BA0-B358-7974CCF09974}.Release|Any CPU.Build.0 = Release|Any CPU
		{3269A135-4077-4BA0-B358-7974CCF09974}.Release|Mixed Platforms.ActiveCfg = Release|Any CPU
		{3269A135-4077-4BA0-B358-7974CCF09974}.Release|Mixed Platforms.Build.0 = Release|Any CPU
		{3269A135-4077-4BA0-B358-7974CCF09974}.Release|Win32.ActiveCfg = Release|Any CPU
		{3269A135-4077-4BA0-B358-7974CCF09974}.Release|x86.ActiveCfg = Release|Any CPU
		{D439868B-C78F-472F-82F2-1E3E5C88163B}.Debug|.NET.ActiveCfg = Debug|Any CPU
		{D439868B-C78F-472F-82F2-1E3E5C88163B}.Debug|Any CPU.ActiveCfg = Debug|Any CPU
		{D439868B-C78F-472F-82F2-1E3E5C88163B}.Debug|Any CPU.Build.0 = Debug|Any CPU
		{D439868B-C78F-472F-82F2-1E3E5C88163B}.Debug|Mixed Platforms.ActiveCfg = Debug|Any CPU
		{D439868B-C78F-472F-82F2-1E3E5C88163B}.Debug|Mixed Platforms.Build.0 = Debug|Any CPU
		{D439868B-C78F-472F-82F2-1E3E5C88163B}.Debug|Win32.ActiveCfg = Debug|Any CPU
		{D439868B-C78F-472F-82F2-1E3E5C88163B}.Debug|x86.ActiveCfg = Debug|Any CPU
		{D439868B-C78F-472F-82F2-1E3E5C88163B}.Release|.NET.ActiveCfg = Release|Any CPU
		{D439868B-C78F-472F-82F2-1E3E5C88163B}.Release|Any CPU.ActiveCfg = Release|Any CPU
		{D439868B-C78F-472F-82F2-1E3E5C88163B}.Release|Any CPU.Build.0 = Release|Any CPU
		{D439868B-C78F-472F-82F2-1E3E5C88163B}.Release|Mixed Platforms.ActiveCfg = Release|Any CPU
		{D439868B-C78F-472F-82F2-1E3E5C88163B}.Release|Mixed Platforms.Build.0 = Release|Any CPU
		{D439868B-C78F-472F-82F2-1E3E5C88163B}.Release|Win32.ActiveCfg = Release|Any CPU
		{D439868B-C78F-472F-82F2-1E3E5C88163B}.Release|x86.ActiveCfg = Release|Any CPU
		{5307665E-072F-4398-872D-6550BE6FC1EB}.Debug|.NET.ActiveCfg = Debug|Any CPU
		{5307665E-072F-4398-872D-6550BE6FC1EB}.Debug|Any CPU.ActiveCfg = Debug|Any CPU
		{5307665E-072F-4398-872D-6550BE6FC1EB}.Debug|Any CPU.Build.0 = Debug|Any CPU
		{5307665E-072F-4398-872D-6550BE6FC1EB}.Debug|Mixed Platforms.ActiveCfg = Debug|Any CPU
		{5307665E-072F-4398-872D-6550BE6FC1EB}.Debug|Mixed Platforms.Build.0 = Debug|Any CPU
		{5307665E-072F-4398-872D-6550BE6FC1EB}.Debug|Win32.ActiveCfg = Debug|Any CPU
		{5307665E-072F-4398-872D-6550BE6FC1EB}.Debug|x86.ActiveCfg = Debug|Any CPU
		{5307665E-072F-4398-872D-6550BE6FC1EB}.Release|.NET.ActiveCfg = Release|Any CPU
		{5307665E-072F-4398-872D-6550BE6FC1EB}.Release|Any CPU.ActiveCfg = Release|Any CPU
		{5307665E-072F-4398-872D-6550BE6FC1EB}.Release|Any CPU.Build.0 = Release|Any CPU
		{5307665E-072F-4398-872D-6550BE6FC1EB}.Release|Mixed Platforms.ActiveCfg = Release|Any CPU
		{5307665E-072F-4398-872D-6550BE6FC1EB}.Release|Mixed Platforms.Build.0 = Release|Any CPU
		{5307665E-072F-4398-872D-6550BE6FC1EB}.Release|Win32.ActiveCfg = Release|Any CPU
		{5307665E-072F-4398-872D-6550BE6FC1EB}.Release|x86.ActiveCfg = Release|Any CPU
		{0D35C524-CA16-4C68-80CD-538897144B47}.Debug|.NET.ActiveCfg = Debug|Any CPU
		{0D35C524-CA16-4C68-80CD-538897144B47}.Debug|Any CPU.ActiveCfg = Debug|Any CPU
		{0D35C524-CA16-4C68-80CD-538897144B47}.Debug|Any CPU.Build.0 = Debug|Any CPU
		{0D35C524-CA16-4C68-80CD-538897144B47}.Debug|Mixed Platforms.ActiveCfg = Debug|Any CPU
		{0D35C524-CA16-4C68-80CD-538897144B47}.Debug|Mixed Platforms.Build.0 = Debug|Any CPU
		{0D35C524-CA16-4C68-80CD-538897144B47}.Debug|Win32.ActiveCfg = Debug|Any CPU
		{0D35C524-CA16-4C68-80CD-538897144B47}.Debug|x86.ActiveCfg = Debug|Any CPU
		{0D35C524-CA16-4C68-80CD-538897144B47}.Release|.NET.ActiveCfg = Release|Any CPU
		{0D35C524-CA16-4C68-80CD-538897144B47}.Release|Any CPU.ActiveCfg = Release|Any CPU
		{0D35C524-CA16-4C68-80CD-538897144B47}.Release|Any CPU.Build.0 = Release|Any CPU
		{0D35C524-CA16-4C68-80CD-538897144B47}.Release|Mixed Platforms.ActiveCfg = Release|Any CPU
		{0D35C524-CA16-4C68-80CD-538897144B47}.Release|Mixed Platforms.Build.0 = Release|Any CPU
		{0D35C524-CA16-4C68-80CD-538897144B47}.Release|Win32.ActiveCfg = Release|Any CPU
		{0D35C524-CA16-4C68-80CD-538897144B47}.Release|x86.ActiveCfg = Release|Any CPU
	EndGlobalSection
	GlobalSection(SolutionProperties) = preSolution
		HideSolutionNode = FALSE
	EndGlobalSection
	GlobalSection(NestedProjects) = preSolution
		{B7DC39DD-6693-4F71-AE7F-007C5C62CBAA} = {18994109-C4D5-49F9-86E0-3B5B1046C08E}
		{38A94634-B2B2-4A89-AF02-2A2898B93343} = {18994109-C4D5-49F9-86E0-3B5B1046C08E}
		{32F09304-51BE-4797-A86A-C0BEFED2422B} = {18994109-C4D5-49F9-86E0-3B5B1046C08E}
		{454D9734-EDF3-4646-8C7F-8449C68EB826} = {18994109-C4D5-49F9-86E0-3B5B1046C08E}
		{0942ACB2-EBA0-4E2B-B363-205DF72A77B2} = {18994109-C4D5-49F9-86E0-3B5B1046C08E}
		{66A00AB2-6964-4815-9140-F28FEE48E6D6} = {18994109-C4D5-49F9-86E0-3B5B1046C08E}
		{DC11ED7F-97F6-4488-86B4-EEC67DD1F511} = {18994109-C4D5-49F9-86E0-3B5B1046C08E}
		{CD10A2C6-246C-4CBB-8E92-86579714795A} = {18994109-C4D5-49F9-86E0-3B5B1046C08E}
		{4DEC7ADA-E512-43C5-8312-CA076818C2A9} = {18994109-C4D5-49F9-86E0-3B5B1046C08E}
		{F6F2225D-B778-4FD2-9BA9-A8E2B58ACCCC} = {18994109-C4D5-49F9-86E0-3B5B1046C08E}
		{4A298321-9855-43DE-AA9C-79E4EFA0AE56} = {E6A2E818-3AB9-47FC-9266-4E72ECBB13F4}
		{D0D1798C-08F7-4DE6-94E9-CC382E1FBEC8} = {E6A2E818-3AB9-47FC-9266-4E72ECBB13F4}
		{0B2DCD75-44FF-4AF6-AA08-AAF4EA30C402} = {E6A2E818-3AB9-47FC-9266-4E72ECBB13F4}
		{2B4E0F2E-B458-4BC2-96AC-6A4D9324F974} = {E6A2E818-3AB9-47FC-9266-4E72ECBB13F4}
		{A943CF9B-7FCD-413A-B6D9-A199A69AF217} = {E6A2E818-3AB9-47FC-9266-4E72ECBB13F4}
		{FDFE3507-E8CE-4930-B9B5-8FB647CFC6DC} = {E6A2E818-3AB9-47FC-9266-4E72ECBB13F4}
		{500C7C4B-5B7A-40E0-BEED-75DDF1BA78D5} = {AD6CD1E3-2C31-4E78-9432-4BAC77BC63D5}
		{C4EF0F8B-B8BC-4BBD-91E6-F11D2335F901} = {AD6CD1E3-2C31-4E78-9432-4BAC77BC63D5}
		{3F73B4EB-4EE6-45DF-AA07-06ECDEFA5BD9} = {E34BB92E-9C1E-41E8-8333-8BB69831BB63}
		{33DCEC6D-66F2-4AB7-9DD9-293DBB5414B1} = {E34BB92E-9C1E-41E8-8333-8BB69831BB63}
		{02595A47-2592-441D-B44D-8EA8C19EE5E2} = {E34BB92E-9C1E-41E8-8333-8BB69831BB63}
		{DB44D301-72EA-4F9B-8327-BE8EBC5B1BC8} = {E34BB92E-9C1E-41E8-8333-8BB69831BB63}
		{F1B0C3C9-1C64-4744-9217-C25FBC5D0DCC} = {E34BB92E-9C1E-41E8-8333-8BB69831BB63}
		{0A1B3397-06E3-4C23-A667-FCCC19DC7D12} = {E34BB92E-9C1E-41E8-8333-8BB69831BB63}
		{FD6AD906-BED1-4AC1-A7C5-0A04CCA2D7DC} = {4663BBB9-AF99-4C57-A355-5D7814284BB1}
		{3805DE2C-659A-442D-8C34-E88822A4D27C} = {4663BBB9-AF99-4C57-A355-5D7814284BB1}
		{197A1FBD-B56C-4CB4-93DE-B908D63E52BA} = {3F38B136-C309-4B62-8496-931723F16706}
		{18501CAB-5F95-49E5-B92C-BF52A5D08609} = {3F38B136-C309-4B62-8496-931723F16706}
		{D4EA1BCE-B797-4249-BCE0-77B7CA6FC776} = {3F38B136-C309-4B62-8496-931723F16706}
		{6528DBD9-8129-48D8-AA21-C169F1679646} = {3F38B136-C309-4B62-8496-931723F16706}
		{00575BB6-C683-4A83-89D6-EE445EF463A3} = {2426E4D6-D2C7-4F06-B54C-5CFEA0804F02}
		{B1916638-EF20-4692-8C95-1C5AD6C67D30} = {2426E4D6-D2C7-4F06-B54C-5CFEA0804F02}
		{3BB6B0FB-6686-428B-9DC9-A32F349E50E6} = {4663BBB9-AF99-4C57-A355-5D7814284BB1}
		{1976B356-7C5E-411A-A409-D3EB349E44FA} = {E6A2E818-3AB9-47FC-9266-4E72ECBB13F4}
		{8D0F740F-A1DD-4BCF-9471-DD40BB74B25A} = {AD6CD1E3-2C31-4E78-9432-4BAC77BC63D5}
		{2882376F-663A-4FC8-842C-B0300A6829E8} = {E34BB92E-9C1E-41E8-8333-8BB69831BB63}
		{A4DEF935-217C-4107-998C-C7845893CFA0} = {E34BB92E-9C1E-41E8-8333-8BB69831BB63}
		{1A60F017-4E4C-48F8-BB97-47D52186C7FD} = {E6A2E818-3AB9-47FC-9266-4E72ECBB13F4}
		{1C5DAC93-1202-4704-ABD5-3E49ADCF0E81} = {583D1273-7630-480B-9020-D16B3A15D15D}
		{3269A135-4077-4BA0-B358-7974CCF09974} = {583D1273-7630-480B-9020-D16B3A15D15D}
		{D439868B-C78F-472F-82F2-1E3E5C88163B} = {583D1273-7630-480B-9020-D16B3A15D15D}
		{5307665E-072F-4398-872D-6550BE6FC1EB} = {E6A2E818-3AB9-47FC-9266-4E72ECBB13F4}
		{0D35C524-CA16-4C68-80CD-538897144B47} = {583D1273-7630-480B-9020-D16B3A15D15D}
	EndGlobalSection
	GlobalSection(MonoDevelopProperties) = preSolution
		StartupItem = WindowsDecompiler\WindowsDecompiler-2010.csproj
	EndGlobalSection
	GlobalSection(TextTemplating) = postSolution
		TextTemplating = 1
	EndGlobalSection
EndGlobal
