
Microsoft Visual Studio Solution File, Format Version 10.00
# Visual Studio 2008
Project("{FAE04EC0-301F-11D3-BF4B-00C04F79EFBC}") = "C2Xml", "C2Xml.csproj", "{500C7C4B-5B7A-40E0-BEED-75DDF1BA78D5}"
EndProject
Global
	GlobalSection(SolutionConfigurationPlatforms) = preSolution
		Debug|Any CPU = Debug|Any CPU
		Release|Any CPU = Release|Any CPU
	EndGlobalSection
	GlobalSection(ProjectConfigurationPlatforms) = postSolution
		{500C7C4B-5B7A-40E0-BEED-75DDF1BA78D5}.Debug|Any CPU.ActiveCfg = Debug|Any CPU
		{500C7C4B-5B7A-40E0-BEED-75DDF1BA78D5}.Debug|Any CPU.Build.0 = Debug|Any CPU
		{500C7C4B-5B7A-40E0-BEED-75DDF1BA78D5}.Release|Any CPU.ActiveCfg = Release|Any CPU
		{500C7C4B-5B7A-40E0-BEED-75DDF1BA78D5}.Release|Any CPU.Build.0 = Release|Any CPU
	EndGlobalSection
	GlobalSection(SolutionProperties) = preSolution
		HideSolutionNode = FALSE
	EndGlobalSection
EndGlobal
