Microsoft Visual Studio Solution File, Format Version 9.00
# Visual Studio 2005
Project("{FAE04EC0-301F-11D3-BF4B-00C04F79EFBC}") = "Intel", "Arch\Intel\Intel.csproj", "{CA32E7CC-DCB4-4636-82FE-E1059CFE49C7}"
EndProject
Project("{FAE04EC0-301F-11D3-BF4B-00C04F79EFBC}") = "Core", "Core\Core.csproj", "{B9AF7BF2-A947-458C-A905-44E8C4E55C62}"
EndProject
Project("{FAE04EC0-301F-11D3-BF4B-00C04F79EFBC}") = "UnitTests", "UnitTests\UnitTests.csproj", "{6528DBD9-8129-48D8-AA21-C169F1679646}"
EndProject
Project("{FAE04EC0-301F-11D3-BF4B-00C04F79EFBC}") = "Decompiler", "Decompiler\Decompiler.csproj", "{7A9440A2-7692-4F74-BFFE-23741DE81C61}"
EndProject
Project("{FAE04EC0-301F-11D3-BF4B-00C04F79EFBC}") = "WindowsDecompiler", "WindowsDecompiler\WindowsDecompiler.csproj", "{1C5DAC93-1202-4704-ABD5-3E49ADCF0E81}"
EndProject
Project("{FAE04EC0-301F-11D3-BF4B-00C04F79EFBC}") = "Pdp11", "Arch\Pdp11\Pdp11.csproj", "{2312D2BC-4994-413B-BCBD-ECF39AA90638}"
EndProject
Project("{FAE04EC0-301F-11D3-BF4B-00C04F79EFBC}") = "PowerPC", "Arch\PowerPC\PowerPC.csproj", "{E9FEA865-EAF1-477D-AC43-5A3BECCD3232}"
EndProject
Project("{FAE04EC0-301F-11D3-BF4B-00C04F79EFBC}") = "xslt", "tools\xslt\xslt.csproj", "{C4EF0F8B-B8BC-4BBD-91E6-F11D2335F901}"
EndProject
Project("{FAE04EC0-301F-11D3-BF4B-00C04F79EFBC}") = "Win32", "Environment\Win32\Win32.csproj", "{DE889E18-A3F8-4AD8-88CA-A48D52634A05}"
EndProject
Project("{FAE04EC0-301F-11D3-BF4B-00C04F79EFBC}") = "Msdos", "Environment\Msdos\Msdos.csproj", "{2D4287F5-15F7-4B1F-961F-82ED5C6F3EF3}"
EndProject
Global
	GlobalSection(TextTemplating) = postSolution
		TextTemplating = 1
	EndGlobalSection
	GlobalSection(SolutionConfigurationPlatforms) = preSolution
		Debug|.NET = Debug|.NET
		Debug|Any CPU = Debug|Any CPU
		Debug|Mixed Platforms = Debug|Mixed Platforms
		Release|.NET = Release|.NET
		Release|Any CPU = Release|Any CPU
		Release|Mixed Platforms = Release|Mixed Platforms
	EndGlobalSection
	GlobalSection(ProjectConfigurationPlatforms) = postSolution
		{CA32E7CC-DCB4-4636-82FE-E1059CFE49C7}.Debug|.NET.ActiveCfg = Debug|Any CPU
		{CA32E7CC-DCB4-4636-82FE-E1059CFE49C7}.Debug|Any CPU.ActiveCfg = Debug|Any CPU
		{CA32E7CC-DCB4-4636-82FE-E1059CFE49C7}.Debug|Any CPU.Build.0 = Debug|Any CPU
		{CA32E7CC-DCB4-4636-82FE-E1059CFE49C7}.Debug|Mixed Platforms.ActiveCfg = Debug|Any CPU
		{CA32E7CC-DCB4-4636-82FE-E1059CFE49C7}.Debug|Mixed Platforms.Build.0 = Debug|Any CPU
		{CA32E7CC-DCB4-4636-82FE-E1059CFE49C7}.Release|.NET.ActiveCfg = Release|Any CPU
		{CA32E7CC-DCB4-4636-82FE-E1059CFE49C7}.Release|Any CPU.ActiveCfg = Release|Any CPU
		{CA32E7CC-DCB4-4636-82FE-E1059CFE49C7}.Release|Any CPU.Build.0 = Release|Any CPU
		{CA32E7CC-DCB4-4636-82FE-E1059CFE49C7}.Release|Mixed Platforms.ActiveCfg = Release|Any CPU
		{CA32E7CC-DCB4-4636-82FE-E1059CFE49C7}.Release|Mixed Platforms.Build.0 = Release|Any CPU
		{B9AF7BF2-A947-458C-A905-44E8C4E55C62}.Debug|.NET.ActiveCfg = Debug|Any CPU
		{B9AF7BF2-A947-458C-A905-44E8C4E55C62}.Debug|Any CPU.ActiveCfg = Debug|Any CPU
		{B9AF7BF2-A947-458C-A905-44E8C4E55C62}.Debug|Any CPU.Build.0 = Debug|Any CPU
		{B9AF7BF2-A947-458C-A905-44E8C4E55C62}.Debug|Mixed Platforms.ActiveCfg = Debug|Any CPU
		{B9AF7BF2-A947-458C-A905-44E8C4E55C62}.Debug|Mixed Platforms.Build.0 = Debug|Any CPU
		{B9AF7BF2-A947-458C-A905-44E8C4E55C62}.Release|.NET.ActiveCfg = Release|Any CPU
		{B9AF7BF2-A947-458C-A905-44E8C4E55C62}.Release|Any CPU.ActiveCfg = Release|Any CPU
		{B9AF7BF2-A947-458C-A905-44E8C4E55C62}.Release|Any CPU.Build.0 = Release|Any CPU
		{B9AF7BF2-A947-458C-A905-44E8C4E55C62}.Release|Mixed Platforms.ActiveCfg = Release|Any CPU
		{B9AF7BF2-A947-458C-A905-44E8C4E55C62}.Release|Mixed Platforms.Build.0 = Release|Any CPU
		{6528DBD9-8129-48D8-AA21-C169F1679646}.Debug|.NET.ActiveCfg = Debug|Any CPU
		{6528DBD9-8129-48D8-AA21-C169F1679646}.Debug|Any CPU.ActiveCfg = Debug|Any CPU
		{6528DBD9-8129-48D8-AA21-C169F1679646}.Debug|Any CPU.Build.0 = Debug|Any CPU
		{6528DBD9-8129-48D8-AA21-C169F1679646}.Debug|Mixed Platforms.ActiveCfg = Debug|Any CPU
		{6528DBD9-8129-48D8-AA21-C169F1679646}.Debug|Mixed Platforms.Build.0 = Debug|Any CPU
		{6528DBD9-8129-48D8-AA21-C169F1679646}.Release|.NET.ActiveCfg = Release|Any CPU
		{6528DBD9-8129-48D8-AA21-C169F1679646}.Release|Any CPU.ActiveCfg = Release|Any CPU
		{6528DBD9-8129-48D8-AA21-C169F1679646}.Release|Any CPU.Build.0 = Release|Any CPU
		{6528DBD9-8129-48D8-AA21-C169F1679646}.Release|Mixed Platforms.ActiveCfg = Release|Any CPU
		{6528DBD9-8129-48D8-AA21-C169F1679646}.Release|Mixed Platforms.Build.0 = Release|Any CPU
		{7A9440A2-7692-4F74-BFFE-23741DE81C61}.Debug|.NET.ActiveCfg = Debug|Any CPU
		{7A9440A2-7692-4F74-BFFE-23741DE81C61}.Debug|Any CPU.ActiveCfg = Debug|Any CPU
		{7A9440A2-7692-4F74-BFFE-23741DE81C61}.Debug|Any CPU.Build.0 = Debug|Any CPU
		{7A9440A2-7692-4F74-BFFE-23741DE81C61}.Debug|Mixed Platforms.ActiveCfg = Debug|Any CPU
		{7A9440A2-7692-4F74-BFFE-23741DE81C61}.Debug|Mixed Platforms.Build.0 = Debug|Any CPU
		{7A9440A2-7692-4F74-BFFE-23741DE81C61}.Release|.NET.ActiveCfg = Release|Any CPU
		{7A9440A2-7692-4F74-BFFE-23741DE81C61}.Release|Any CPU.ActiveCfg = Release|Any CPU
		{7A9440A2-7692-4F74-BFFE-23741DE81C61}.Release|Any CPU.Build.0 = Release|Any CPU
		{7A9440A2-7692-4F74-BFFE-23741DE81C61}.Release|Mixed Platforms.ActiveCfg = Release|Any CPU
		{7A9440A2-7692-4F74-BFFE-23741DE81C61}.Release|Mixed Platforms.Build.0 = Release|Any CPU
		{1C5DAC93-1202-4704-ABD5-3E49ADCF0E81}.Debug|.NET.ActiveCfg = Debug|Any CPU
		{1C5DAC93-1202-4704-ABD5-3E49ADCF0E81}.Debug|Any CPU.ActiveCfg = Debug|Any CPU
		{1C5DAC93-1202-4704-ABD5-3E49ADCF0E81}.Debug|Any CPU.Build.0 = Debug|Any CPU
		{1C5DAC93-1202-4704-ABD5-3E49ADCF0E81}.Debug|Mixed Platforms.ActiveCfg = Debug|Any CPU
		{1C5DAC93-1202-4704-ABD5-3E49ADCF0E81}.Debug|Mixed Platforms.Build.0 = Debug|Any CPU
		{1C5DAC93-1202-4704-ABD5-3E49ADCF0E81}.Release|.NET.ActiveCfg = Release|Any CPU
		{1C5DAC93-1202-4704-ABD5-3E49ADCF0E81}.Release|Any CPU.ActiveCfg = Release|Any CPU
		{1C5DAC93-1202-4704-ABD5-3E49ADCF0E81}.Release|Any CPU.Build.0 = Release|Any CPU
		{1C5DAC93-1202-4704-ABD5-3E49ADCF0E81}.Release|Mixed Platforms.ActiveCfg = Release|Any CPU
		{1C5DAC93-1202-4704-ABD5-3E49ADCF0E81}.Release|Mixed Platforms.Build.0 = Release|Any CPU
		{2312D2BC-4994-413B-BCBD-ECF39AA90638}.Debug|.NET.ActiveCfg = Debug|Any CPU
		{2312D2BC-4994-413B-BCBD-ECF39AA90638}.Debug|Any CPU.ActiveCfg = Debug|Any CPU
		{2312D2BC-4994-413B-BCBD-ECF39AA90638}.Debug|Any CPU.Build.0 = Debug|Any CPU
		{2312D2BC-4994-413B-BCBD-ECF39AA90638}.Debug|Mixed Platforms.ActiveCfg = Debug|Any CPU
		{2312D2BC-4994-413B-BCBD-ECF39AA90638}.Debug|Mixed Platforms.Build.0 = Debug|Any CPU
		{2312D2BC-4994-413B-BCBD-ECF39AA90638}.Release|.NET.ActiveCfg = Release|Any CPU
		{2312D2BC-4994-413B-BCBD-ECF39AA90638}.Release|Any CPU.ActiveCfg = Release|Any CPU
		{2312D2BC-4994-413B-BCBD-ECF39AA90638}.Release|Any CPU.Build.0 = Release|Any CPU
		{2312D2BC-4994-413B-BCBD-ECF39AA90638}.Release|Mixed Platforms.ActiveCfg = Release|Any CPU
		{2312D2BC-4994-413B-BCBD-ECF39AA90638}.Release|Mixed Platforms.Build.0 = Release|Any CPU
		{E9FEA865-EAF1-477D-AC43-5A3BECCD3232}.Debug|.NET.ActiveCfg = Debug|Any CPU
		{E9FEA865-EAF1-477D-AC43-5A3BECCD3232}.Debug|Any CPU.ActiveCfg = Debug|Any CPU
		{E9FEA865-EAF1-477D-AC43-5A3BECCD3232}.Debug|Any CPU.Build.0 = Debug|Any CPU
		{E9FEA865-EAF1-477D-AC43-5A3BECCD3232}.Debug|Mixed Platforms.ActiveCfg = Debug|Any CPU
		{E9FEA865-EAF1-477D-AC43-5A3BECCD3232}.Debug|Mixed Platforms.Build.0 = Debug|Any CPU
		{E9FEA865-EAF1-477D-AC43-5A3BECCD3232}.Release|.NET.ActiveCfg = Release|Any CPU
		{E9FEA865-EAF1-477D-AC43-5A3BECCD3232}.Release|Any CPU.ActiveCfg = Release|Any CPU
		{E9FEA865-EAF1-477D-AC43-5A3BECCD3232}.Release|Any CPU.Build.0 = Release|Any CPU
		{E9FEA865-EAF1-477D-AC43-5A3BECCD3232}.Release|Mixed Platforms.ActiveCfg = Release|Any CPU
		{E9FEA865-EAF1-477D-AC43-5A3BECCD3232}.Release|Mixed Platforms.Build.0 = Release|Any CPU
		{C4EF0F8B-B8BC-4BBD-91E6-F11D2335F901}.Debug|.NET.ActiveCfg = Debug|Any CPU
		{C4EF0F8B-B8BC-4BBD-91E6-F11D2335F901}.Debug|Any CPU.ActiveCfg = Debug|Any CPU
		{C4EF0F8B-B8BC-4BBD-91E6-F11D2335F901}.Debug|Mixed Platforms.ActiveCfg = Debug|Any CPU
		{C4EF0F8B-B8BC-4BBD-91E6-F11D2335F901}.Debug|Mixed Platforms.Build.0 = Debug|Any CPU
		{C4EF0F8B-B8BC-4BBD-91E6-F11D2335F901}.Release|.NET.ActiveCfg = Release|Any CPU
		{C4EF0F8B-B8BC-4BBD-91E6-F11D2335F901}.Release|Any CPU.ActiveCfg = Release|Any CPU
		{C4EF0F8B-B8BC-4BBD-91E6-F11D2335F901}.Release|Any CPU.Build.0 = Release|Any CPU
		{C4EF0F8B-B8BC-4BBD-91E6-F11D2335F901}.Release|Mixed Platforms.ActiveCfg = Release|Any CPU
		{C4EF0F8B-B8BC-4BBD-91E6-F11D2335F901}.Release|Mixed Platforms.Build.0 = Release|Any CPU
		{DE889E18-A3F8-4AD8-88CA-A48D52634A05}.Debug|.NET.ActiveCfg = Debug|Any CPU
		{DE889E18-A3F8-4AD8-88CA-A48D52634A05}.Debug|Any CPU.ActiveCfg = Debug|Any CPU
		{DE889E18-A3F8-4AD8-88CA-A48D52634A05}.Debug|Any CPU.Build.0 = Debug|Any CPU
		{DE889E18-A3F8-4AD8-88CA-A48D52634A05}.Debug|Mixed Platforms.ActiveCfg = Debug|Any CPU
		{DE889E18-A3F8-4AD8-88CA-A48D52634A05}.Debug|Mixed Platforms.Build.0 = Debug|Any CPU
		{DE889E18-A3F8-4AD8-88CA-A48D52634A05}.Release|.NET.ActiveCfg = Release|Any CPU
		{DE889E18-A3F8-4AD8-88CA-A48D52634A05}.Release|Any CPU.ActiveCfg = Release|Any CPU
		{DE889E18-A3F8-4AD8-88CA-A48D52634A05}.Release|Any CPU.Build.0 = Release|Any CPU
		{DE889E18-A3F8-4AD8-88CA-A48D52634A05}.Release|Mixed Platforms.ActiveCfg = Release|Any CPU
		{DE889E18-A3F8-4AD8-88CA-A48D52634A05}.Release|Mixed Platforms.Build.0 = Release|Any CPU
		{2D4287F5-15F7-4B1F-961F-82ED5C6F3EF3}.Debug|.NET.ActiveCfg = Debug|Any CPU
		{2D4287F5-15F7-4B1F-961F-82ED5C6F3EF3}.Debug|Any CPU.ActiveCfg = Debug|Any CPU
		{2D4287F5-15F7-4B1F-961F-82ED5C6F3EF3}.Debug|Any CPU.Build.0 = Debug|Any CPU
		{2D4287F5-15F7-4B1F-961F-82ED5C6F3EF3}.Debug|Mixed Platforms.ActiveCfg = Debug|Any CPU
		{2D4287F5-15F7-4B1F-961F-82ED5C6F3EF3}.Debug|Mixed Platforms.Build.0 = Debug|Any CPU
		{2D4287F5-15F7-4B1F-961F-82ED5C6F3EF3}.Release|.NET.ActiveCfg = Release|Any CPU
		{2D4287F5-15F7-4B1F-961F-82ED5C6F3EF3}.Release|Any CPU.ActiveCfg = Release|Any CPU
		{2D4287F5-15F7-4B1F-961F-82ED5C6F3EF3}.Release|Any CPU.Build.0 = Release|Any CPU
		{2D4287F5-15F7-4B1F-961F-82ED5C6F3EF3}.Release|Mixed Platforms.ActiveCfg = Release|Any CPU
		{2D4287F5-15F7-4B1F-961F-82ED5C6F3EF3}.Release|Mixed Platforms.Build.0 = Release|Any CPU
	EndGlobalSection
	GlobalSection(SolutionProperties) = preSolution
		HideSolutionNode = FALSE
	EndGlobalSection
EndGlobal
